// !$*UTF8*$!
{
	archiveVersion = 1;
	classes = {
	};
	objectVersion = 56;
	objects = {

/* Begin PBXBuildFile section */
		6D6D359847E48286C67E16F7 /* Pods_GraceLogUseCaseTests.framework in Frameworks */ = {isa = PBXBuildFile; fileRef = 7D415D287B3EAEECA4BE40BB /* Pods_GraceLogUseCaseTests.framework */; };
		75248638A478EB9521F76504 /* Pods_GraceLog.framework in Frameworks */ = {isa = PBXBuildFile; fileRef = EC27041694929DC3D121EF0C /* Pods_GraceLog.framework */; };
		A88BF65DF907D86788F86BF8 /* Pods_GraceLog_GraceLogUITests.framework in Frameworks */ = {isa = PBXBuildFile; fileRef = 92AAD74E157DB380B9B4192E /* Pods_GraceLog_GraceLogUITests.framework */; };
		DE069B982D53A855007C2066 /* DiaryCoordinator.swift in Sources */ = {isa = PBXBuildFile; fileRef = DE069B972D53A855007C2066 /* DiaryCoordinator.swift */; };
		DE069B9A2D53A884007C2066 /* DiaryViewController.swift in Sources */ = {isa = PBXBuildFile; fileRef = DE069B992D53A884007C2066 /* DiaryViewController.swift */; };
		DE069B9C2D5711D3007C2066 /* HomeNextViewController.swift in Sources */ = {isa = PBXBuildFile; fileRef = DE069B9B2D5711D3007C2066 /* HomeNextViewController.swift */; };
		DE069B9E2D57144A007C2066 /* HomeDiaryTableViewCell.swift in Sources */ = {isa = PBXBuildFile; fileRef = DE069B9D2D57144A007C2066 /* HomeDiaryTableViewCell.swift */; };
		DE069BA02D571472007C2066 /* HomeNavBarTableViewHeader.swift in Sources */ = {isa = PBXBuildFile; fileRef = DE069B9F2D571472007C2066 /* HomeNavBarTableViewHeader.swift */; };
		DE069BA22D571485007C2066 /* HomeRecommendTableViewCell.swift in Sources */ = {isa = PBXBuildFile; fileRef = DE069BA12D571485007C2066 /* HomeRecommendTableViewCell.swift */; };
		DE069BA42D571499007C2066 /* HomeTableViewHeader.swift in Sources */ = {isa = PBXBuildFile; fileRef = DE069BA32D571499007C2066 /* HomeTableViewHeader.swift */; };
		DE069BA82D61E310007C2066 /* DiaryCardView.swift in Sources */ = {isa = PBXBuildFile; fileRef = DE069BA72D61E310007C2066 /* DiaryCardView.swift */; };
		DE24DB6D2D26D34D00581621 /* LoginUseCaseTests.swift in Sources */ = {isa = PBXBuildFile; fileRef = DE58FEC72D04284E008CADCD /* LoginUseCaseTests.swift */; };
		DE24DB6E2D26D36100581621 /* MockFireStoreRepository.swift in Sources */ = {isa = PBXBuildFile; fileRef = DE2700732D257068005C9DCF /* MockFireStoreRepository.swift */; };
		DE27003B2D1EFB4E005C9DCF /* Pretendard-Bold.otf in Resources */ = {isa = PBXBuildFile; fileRef = DE2700322D1EFB4D005C9DCF /* Pretendard-Bold.otf */; };
		DE27003C2D1EFB4E005C9DCF /* Pretendard-ExtraLight.otf in Resources */ = {isa = PBXBuildFile; fileRef = DE2700332D1EFB4E005C9DCF /* Pretendard-ExtraLight.otf */; };
		DE27003D2D1EFB4E005C9DCF /* Pretendard-Light.otf in Resources */ = {isa = PBXBuildFile; fileRef = DE2700342D1EFB4E005C9DCF /* Pretendard-Light.otf */; };
		DE27003E2D1EFB4E005C9DCF /* Pretendard-Black.otf in Resources */ = {isa = PBXBuildFile; fileRef = DE2700352D1EFB4E005C9DCF /* Pretendard-Black.otf */; };
		DE27003F2D1EFB4E005C9DCF /* Pretendard-ExtraBold.otf in Resources */ = {isa = PBXBuildFile; fileRef = DE2700362D1EFB4E005C9DCF /* Pretendard-ExtraBold.otf */; };
		DE2700402D1EFB4E005C9DCF /* Pretendard-Thin.otf in Resources */ = {isa = PBXBuildFile; fileRef = DE2700372D1EFB4E005C9DCF /* Pretendard-Thin.otf */; };
		DE2700412D1EFB4E005C9DCF /* Pretendard-Medium.otf in Resources */ = {isa = PBXBuildFile; fileRef = DE2700382D1EFB4E005C9DCF /* Pretendard-Medium.otf */; };
		DE2700422D1EFB4E005C9DCF /* Pretendard-SemiBold.otf in Resources */ = {isa = PBXBuildFile; fileRef = DE2700392D1EFB4E005C9DCF /* Pretendard-SemiBold.otf */; };
		DE2700432D1EFB4E005C9DCF /* Pretendard-Regular.otf in Resources */ = {isa = PBXBuildFile; fileRef = DE27003A2D1EFB4E005C9DCF /* Pretendard-Regular.otf */; };
		DE2700462D1EFD06005C9DCF /* LoginViewController.swift in Sources */ = {isa = PBXBuildFile; fileRef = DE2700452D1EFD06005C9DCF /* LoginViewController.swift */; };
		DE2700492D1F9E6B005C9DCF /* UIColor+CustomColor.swift in Sources */ = {isa = PBXBuildFile; fileRef = DE2700482D1F9E6B005C9DCF /* UIColor+CustomColor.swift */; };
		DE2700502D1FA03B005C9DCF /* UIView+Extension.swift in Sources */ = {isa = PBXBuildFile; fileRef = DE27004F2D1FA03B005C9DCF /* UIView+Extension.swift */; };
		DE2700512D2106C2005C9DCF /* Assets.xcassets in Resources */ = {isa = PBXBuildFile; fileRef = DE3BFCBB2D043C2F0076426D /* Assets.xcassets */; };
		DE2700532D2113F2005C9DCF /* LoginReactor.swift in Sources */ = {isa = PBXBuildFile; fileRef = DE2700522D2113F2005C9DCF /* LoginReactor.swift */; };
		DE27005A2D2125FF005C9DCF /* LoginUseCase.swift in Sources */ = {isa = PBXBuildFile; fileRef = DE2700592D2125FF005C9DCF /* LoginUseCase.swift */; };
		DE27005C2D212609005C9DCF /* DefaultLoginUseCase.swift in Sources */ = {isa = PBXBuildFile; fileRef = DE27005B2D212609005C9DCF /* DefaultLoginUseCase.swift */; };
		DE27005F2D212770005C9DCF /* FireStoreRepository.swift in Sources */ = {isa = PBXBuildFile; fileRef = DE27005E2D212770005C9DCF /* FireStoreRepository.swift */; };
		DE2700632D22D188005C9DCF /* DefaultFireStoreRepository.swift in Sources */ = {isa = PBXBuildFile; fileRef = DE2700622D22D188005C9DCF /* DefaultFireStoreRepository.swift */; };
		DE2700662D22D43E005C9DCF /* UserDTO.swift in Sources */ = {isa = PBXBuildFile; fileRef = DE2700652D22D43E005C9DCF /* UserDTO.swift */; };
		DE2700692D22D591005C9DCF /* Constant.swift in Sources */ = {isa = PBXBuildFile; fileRef = DE2700682D22D591005C9DCF /* Constant.swift */; };
		DE27006C2D22DBAF005C9DCF /* AuthError.swift in Sources */ = {isa = PBXBuildFile; fileRef = DE27006B2D22DBAF005C9DCF /* AuthError.swift */; };
		DE27006E2D22DD55005C9DCF /* FirestoreError.swift in Sources */ = {isa = PBXBuildFile; fileRef = DE27006D2D22DD55005C9DCF /* FirestoreError.swift */; };
		DE3BFCD62D048B170076426D /* GraceLogAppCoordinator.swift in Sources */ = {isa = PBXBuildFile; fileRef = DE3BFCD52D048B170076426D /* GraceLogAppCoordinator.swift */; };
		DE3BFCD82D048B550076426D /* Coordinator.swift in Sources */ = {isa = PBXBuildFile; fileRef = DE3BFCD72D048B550076426D /* Coordinator.swift */; };
		DE3BFCDA2D059A3B0076426D /* HomeViewController.swift in Sources */ = {isa = PBXBuildFile; fileRef = DE3BFCD92D059A3B0076426D /* HomeViewController.swift */; };
		DE3BFCDC2D059A480076426D /* MyInfoViewController.swift in Sources */ = {isa = PBXBuildFile; fileRef = DE3BFCDB2D059A480076426D /* MyInfoViewController.swift */; };
		DE3BFCDE2D059D3D0076426D /* SearchViewController.swift in Sources */ = {isa = PBXBuildFile; fileRef = DE3BFCDD2D059D3D0076426D /* SearchViewController.swift */; };
		DE3BFCE12D059DDC0076426D /* HomeCoordinator.swift in Sources */ = {isa = PBXBuildFile; fileRef = DE3BFCE02D059DDC0076426D /* HomeCoordinator.swift */; };
		DE3BFCE42D059E970076426D /* SearchCoordinator.swift in Sources */ = {isa = PBXBuildFile; fileRef = DE3BFCE32D059E970076426D /* SearchCoordinator.swift */; };
		DE3BFCE72D05A2820076426D /* MyInfoCoordinator.swift in Sources */ = {isa = PBXBuildFile; fileRef = DE3BFCE62D05A2820076426D /* MyInfoCoordinator.swift */; };
		DE3BFCEC2D0D3D390076426D /* GoogleService-Info.plist in Resources */ = {isa = PBXBuildFile; fileRef = DE3BFCEB2D0D3D390076426D /* GoogleService-Info.plist */; };
		DE58FEB12D04284D008CADCD /* AppDelegate.swift in Sources */ = {isa = PBXBuildFile; fileRef = DE58FEB02D04284D008CADCD /* AppDelegate.swift */; };
		DE58FEB32D04284D008CADCD /* SceneDelegate.swift in Sources */ = {isa = PBXBuildFile; fileRef = DE58FEB22D04284D008CADCD /* SceneDelegate.swift */; };
		DE58FEBD2D04284D008CADCD /* Base in Resources */ = {isa = PBXBuildFile; fileRef = DE58FEBC2D04284D008CADCD /* Base */; };
		DE58FED22D04284E008CADCD /* GraceLogUITests.swift in Sources */ = {isa = PBXBuildFile; fileRef = DE58FED12D04284E008CADCD /* GraceLogUITests.swift */; };
		DE58FED42D04284E008CADCD /* GraceLogUITestsLaunchTests.swift in Sources */ = {isa = PBXBuildFile; fileRef = DE58FED32D04284E008CADCD /* GraceLogUITestsLaunchTests.swift */; };
		DE9A1FC62D69D62E0044F655 /* CommunityTableViewCell.swift in Sources */ = {isa = PBXBuildFile; fileRef = DE9A1FC52D69D62E0044F655 /* CommunityTableViewCell.swift */; };
		DE9A1FC82D69DA2A0044F655 /* CommunityButton.swift in Sources */ = {isa = PBXBuildFile; fileRef = DE9A1FC72D69DA2A0044F655 /* CommunityButton.swift */; };
		DE9A1FCA2D6AAC8C0044F655 /* HomeViewReactor.swift in Sources */ = {isa = PBXBuildFile; fileRef = DE9A1FC92D6AAC8C0044F655 /* HomeViewReactor.swift */; };
		DE9A1FCC2D6C7D890044F655 /* HomeCommunityMyTableViewCell.swift in Sources */ = {isa = PBXBuildFile; fileRef = DE9A1FCB2D6C7D890044F655 /* HomeCommunityMyTableViewCell.swift */; };
		DE9A1FCE2D6C86C00044F655 /* HomeCommunityUserTableViewCell.swift in Sources */ = {isa = PBXBuildFile; fileRef = DE9A1FCD2D6C86C00044F655 /* HomeCommunityUserTableViewCell.swift */; };
		DE9A1FD02D6C87E60044F655 /* HomeCommunityDateHeaderView.swift in Sources */ = {isa = PBXBuildFile; fileRef = DE9A1FCF2D6C87E60044F655 /* HomeCommunityDateHeaderView.swift */; };
		DE9A1FD52D79AA780044F655 /* CommunityDiary.swift in Sources */ = {isa = PBXBuildFile; fileRef = DE9A1FD42D79AA780044F655 /* CommunityDiary.swift */; };
		DE9A1FD72D79AB8B0044F655 /* Community.swift in Sources */ = {isa = PBXBuildFile; fileRef = DE9A1FD62D79AB8B0044F655 /* Community.swift */; };
		DE9A1FDA2D79AD660044F655 /* HomeDataSource.swift in Sources */ = {isa = PBXBuildFile; fileRef = DE9A1FD92D79AD660044F655 /* HomeDataSource.swift */; };
		DE9A1FDC2D79AFFA0044F655 /* MyDiaryItem.swift in Sources */ = {isa = PBXBuildFile; fileRef = DE9A1FDB2D79AFFA0044F655 /* MyDiaryItem.swift */; };
		DE9A1FDE2D79B0A50044F655 /* HomeContent.swift in Sources */ = {isa = PBXBuildFile; fileRef = DE9A1FDD2D79B0A50044F655 /* HomeContent.swift */; };
		DEA04FA72D69A8C000BA978A /* String+Extension.swift in Sources */ = {isa = PBXBuildFile; fileRef = DEA04FA62D69A8C000BA978A /* String+Extension.swift */; };
		DEEFEAC02D26D4B800699692 /* LoginUseCase.swift in Sources */ = {isa = PBXBuildFile; fileRef = DE2700592D2125FF005C9DCF /* LoginUseCase.swift */; };
		DEEFEAC12D26D4B800699692 /* LoginUseCase.swift in Sources */ = {isa = PBXBuildFile; fileRef = DE2700592D2125FF005C9DCF /* LoginUseCase.swift */; };
		DEEFEAC22D26D4BC00699692 /* DefaultLoginUseCase.swift in Sources */ = {isa = PBXBuildFile; fileRef = DE27005B2D212609005C9DCF /* DefaultLoginUseCase.swift */; };
		DEEFEAC32D26D4CD00699692 /* FireStoreRepository.swift in Sources */ = {isa = PBXBuildFile; fileRef = DE27005E2D212770005C9DCF /* FireStoreRepository.swift */; };
		DEEFEAC42D26D4CD00699692 /* FireStoreRepository.swift in Sources */ = {isa = PBXBuildFile; fileRef = DE27005E2D212770005C9DCF /* FireStoreRepository.swift */; };
		DEEFEAC62D26D4F000699692 /* UserDTO.swift in Sources */ = {isa = PBXBuildFile; fileRef = DE2700652D22D43E005C9DCF /* UserDTO.swift */; };
		DEEFEACA2D29270500699692 /* GraceLogUser.swift in Sources */ = {isa = PBXBuildFile; fileRef = DEEFEAC92D29270500699692 /* GraceLogUser.swift */; };
		DEEFEACC2D2A5E8200699692 /* GraceLogUser.swift in Sources */ = {isa = PBXBuildFile; fileRef = DEEFEAC92D29270500699692 /* GraceLogUser.swift */; };
		DEEFEACD2D2A5E8400699692 /* GraceLogUser.swift in Sources */ = {isa = PBXBuildFile; fileRef = DEEFEAC92D29270500699692 /* GraceLogUser.swift */; };
		DEEFEACF2D2A64CF00699692 /* LoginCoordinator.swift in Sources */ = {isa = PBXBuildFile; fileRef = DEEFEACE2D2A64CF00699692 /* LoginCoordinator.swift */; };
/* End PBXBuildFile section */

/* Begin PBXContainerItemProxy section */
		DE24DB672D26D32200581621 /* PBXContainerItemProxy */ = {
			isa = PBXContainerItemProxy;
			containerPortal = DE58FEA52D04284D008CADCD /* Project object */;
			proxyType = 1;
			remoteGlobalIDString = DE58FEAC2D04284D008CADCD;
			remoteInfo = GraceLog;
		};
		DE58FECE2D04284E008CADCD /* PBXContainerItemProxy */ = {
			isa = PBXContainerItemProxy;
			containerPortal = DE58FEA52D04284D008CADCD /* Project object */;
			proxyType = 1;
			remoteGlobalIDString = DE58FEAC2D04284D008CADCD;
			remoteInfo = GraceLog;
		};
/* End PBXContainerItemProxy section */

/* Begin PBXFileReference section */
		13CEE664F868FEB4EF0F50A2 /* Pods-GraceLogUseCaseTests.release.xcconfig */ = {isa = PBXFileReference; includeInIndex = 1; lastKnownFileType = text.xcconfig; name = "Pods-GraceLogUseCaseTests.release.xcconfig"; path = "Target Support Files/Pods-GraceLogUseCaseTests/Pods-GraceLogUseCaseTests.release.xcconfig"; sourceTree = "<group>"; };
		3772E15DC148101F5890C6F5 /* Pods-GraceLog.release.xcconfig */ = {isa = PBXFileReference; includeInIndex = 1; lastKnownFileType = text.xcconfig; name = "Pods-GraceLog.release.xcconfig"; path = "Target Support Files/Pods-GraceLog/Pods-GraceLog.release.xcconfig"; sourceTree = "<group>"; };
		45FB5606D88433D808BF0656 /* Pods-GraceLogTests.debug.xcconfig */ = {isa = PBXFileReference; includeInIndex = 1; lastKnownFileType = text.xcconfig; name = "Pods-GraceLogTests.debug.xcconfig"; path = "Target Support Files/Pods-GraceLogTests/Pods-GraceLogTests.debug.xcconfig"; sourceTree = "<group>"; };
		7D415D287B3EAEECA4BE40BB /* Pods_GraceLogUseCaseTests.framework */ = {isa = PBXFileReference; explicitFileType = wrapper.framework; includeInIndex = 0; path = Pods_GraceLogUseCaseTests.framework; sourceTree = BUILT_PRODUCTS_DIR; };
		87E14D79ABA16C7A19244077 /* Pods-GraceLogTests.release.xcconfig */ = {isa = PBXFileReference; includeInIndex = 1; lastKnownFileType = text.xcconfig; name = "Pods-GraceLogTests.release.xcconfig"; path = "Target Support Files/Pods-GraceLogTests/Pods-GraceLogTests.release.xcconfig"; sourceTree = "<group>"; };
		8BC9F644955C12A97595F5EF /* Pods-GraceLogUseCaseTests.debug.xcconfig */ = {isa = PBXFileReference; includeInIndex = 1; lastKnownFileType = text.xcconfig; name = "Pods-GraceLogUseCaseTests.debug.xcconfig"; path = "Target Support Files/Pods-GraceLogUseCaseTests/Pods-GraceLogUseCaseTests.debug.xcconfig"; sourceTree = "<group>"; };
		92AAD74E157DB380B9B4192E /* Pods_GraceLog_GraceLogUITests.framework */ = {isa = PBXFileReference; explicitFileType = wrapper.framework; includeInIndex = 0; path = Pods_GraceLog_GraceLogUITests.framework; sourceTree = BUILT_PRODUCTS_DIR; };
		BD3D4E76539765E1009F5819 /* Pods-GraceLog-GraceLogUITests.release.xcconfig */ = {isa = PBXFileReference; includeInIndex = 1; lastKnownFileType = text.xcconfig; name = "Pods-GraceLog-GraceLogUITests.release.xcconfig"; path = "Target Support Files/Pods-GraceLog-GraceLogUITests/Pods-GraceLog-GraceLogUITests.release.xcconfig"; sourceTree = "<group>"; };
		C2C92987C1F1070895365F17 /* Pods_GraceLogTests.framework */ = {isa = PBXFileReference; explicitFileType = wrapper.framework; includeInIndex = 0; path = Pods_GraceLogTests.framework; sourceTree = BUILT_PRODUCTS_DIR; };
		DE069B972D53A855007C2066 /* DiaryCoordinator.swift */ = {isa = PBXFileReference; lastKnownFileType = sourcecode.swift; path = DiaryCoordinator.swift; sourceTree = "<group>"; };
		DE069B992D53A884007C2066 /* DiaryViewController.swift */ = {isa = PBXFileReference; lastKnownFileType = sourcecode.swift; path = DiaryViewController.swift; sourceTree = "<group>"; };
		DE069B9B2D5711D3007C2066 /* HomeNextViewController.swift */ = {isa = PBXFileReference; lastKnownFileType = sourcecode.swift; path = HomeNextViewController.swift; sourceTree = "<group>"; };
		DE069B9D2D57144A007C2066 /* HomeDiaryTableViewCell.swift */ = {isa = PBXFileReference; lastKnownFileType = sourcecode.swift; path = HomeDiaryTableViewCell.swift; sourceTree = "<group>"; };
		DE069B9F2D571472007C2066 /* HomeNavBarTableViewHeader.swift */ = {isa = PBXFileReference; lastKnownFileType = sourcecode.swift; path = HomeNavBarTableViewHeader.swift; sourceTree = "<group>"; };
		DE069BA12D571485007C2066 /* HomeRecommendTableViewCell.swift */ = {isa = PBXFileReference; lastKnownFileType = sourcecode.swift; path = HomeRecommendTableViewCell.swift; sourceTree = "<group>"; };
		DE069BA32D571499007C2066 /* HomeTableViewHeader.swift */ = {isa = PBXFileReference; lastKnownFileType = sourcecode.swift; path = HomeTableViewHeader.swift; sourceTree = "<group>"; };
		DE069BA72D61E310007C2066 /* DiaryCardView.swift */ = {isa = PBXFileReference; lastKnownFileType = sourcecode.swift; path = DiaryCardView.swift; sourceTree = "<group>"; };
		DE24DB632D26D32200581621 /* GraceLogUseCaseTests.xctest */ = {isa = PBXFileReference; explicitFileType = wrapper.cfbundle; includeInIndex = 0; path = GraceLogUseCaseTests.xctest; sourceTree = BUILT_PRODUCTS_DIR; };
		DE2700322D1EFB4D005C9DCF /* Pretendard-Bold.otf */ = {isa = PBXFileReference; lastKnownFileType = file; path = "Pretendard-Bold.otf"; sourceTree = "<group>"; };
		DE2700332D1EFB4E005C9DCF /* Pretendard-ExtraLight.otf */ = {isa = PBXFileReference; lastKnownFileType = file; path = "Pretendard-ExtraLight.otf"; sourceTree = "<group>"; };
		DE2700342D1EFB4E005C9DCF /* Pretendard-Light.otf */ = {isa = PBXFileReference; lastKnownFileType = file; path = "Pretendard-Light.otf"; sourceTree = "<group>"; };
		DE2700352D1EFB4E005C9DCF /* Pretendard-Black.otf */ = {isa = PBXFileReference; lastKnownFileType = file; path = "Pretendard-Black.otf"; sourceTree = "<group>"; };
		DE2700362D1EFB4E005C9DCF /* Pretendard-ExtraBold.otf */ = {isa = PBXFileReference; lastKnownFileType = file; path = "Pretendard-ExtraBold.otf"; sourceTree = "<group>"; };
		DE2700372D1EFB4E005C9DCF /* Pretendard-Thin.otf */ = {isa = PBXFileReference; lastKnownFileType = file; path = "Pretendard-Thin.otf"; sourceTree = "<group>"; };
		DE2700382D1EFB4E005C9DCF /* Pretendard-Medium.otf */ = {isa = PBXFileReference; lastKnownFileType = file; path = "Pretendard-Medium.otf"; sourceTree = "<group>"; };
		DE2700392D1EFB4E005C9DCF /* Pretendard-SemiBold.otf */ = {isa = PBXFileReference; lastKnownFileType = file; path = "Pretendard-SemiBold.otf"; sourceTree = "<group>"; };
		DE27003A2D1EFB4E005C9DCF /* Pretendard-Regular.otf */ = {isa = PBXFileReference; lastKnownFileType = file; path = "Pretendard-Regular.otf"; sourceTree = "<group>"; };
		DE2700452D1EFD06005C9DCF /* LoginViewController.swift */ = {isa = PBXFileReference; lastKnownFileType = sourcecode.swift; path = LoginViewController.swift; sourceTree = "<group>"; };
		DE2700482D1F9E6B005C9DCF /* UIColor+CustomColor.swift */ = {isa = PBXFileReference; lastKnownFileType = sourcecode.swift; path = "UIColor+CustomColor.swift"; sourceTree = "<group>"; };
		DE27004F2D1FA03B005C9DCF /* UIView+Extension.swift */ = {isa = PBXFileReference; lastKnownFileType = sourcecode.swift; path = "UIView+Extension.swift"; sourceTree = "<group>"; };
		DE2700522D2113F2005C9DCF /* LoginReactor.swift */ = {isa = PBXFileReference; lastKnownFileType = sourcecode.swift; path = LoginReactor.swift; sourceTree = "<group>"; };
		DE2700592D2125FF005C9DCF /* LoginUseCase.swift */ = {isa = PBXFileReference; lastKnownFileType = sourcecode.swift; path = LoginUseCase.swift; sourceTree = "<group>"; };
		DE27005B2D212609005C9DCF /* DefaultLoginUseCase.swift */ = {isa = PBXFileReference; lastKnownFileType = sourcecode.swift; path = DefaultLoginUseCase.swift; sourceTree = "<group>"; };
		DE27005E2D212770005C9DCF /* FireStoreRepository.swift */ = {isa = PBXFileReference; lastKnownFileType = sourcecode.swift; path = FireStoreRepository.swift; sourceTree = "<group>"; };
		DE2700622D22D188005C9DCF /* DefaultFireStoreRepository.swift */ = {isa = PBXFileReference; lastKnownFileType = sourcecode.swift; path = DefaultFireStoreRepository.swift; sourceTree = "<group>"; };
		DE2700652D22D43E005C9DCF /* UserDTO.swift */ = {isa = PBXFileReference; lastKnownFileType = sourcecode.swift; path = UserDTO.swift; sourceTree = "<group>"; };
		DE2700682D22D591005C9DCF /* Constant.swift */ = {isa = PBXFileReference; lastKnownFileType = sourcecode.swift; path = Constant.swift; sourceTree = "<group>"; };
		DE27006B2D22DBAF005C9DCF /* AuthError.swift */ = {isa = PBXFileReference; lastKnownFileType = sourcecode.swift; path = AuthError.swift; sourceTree = "<group>"; };
		DE27006D2D22DD55005C9DCF /* FirestoreError.swift */ = {isa = PBXFileReference; lastKnownFileType = sourcecode.swift; path = FirestoreError.swift; sourceTree = "<group>"; };
		DE2700732D257068005C9DCF /* MockFireStoreRepository.swift */ = {isa = PBXFileReference; lastKnownFileType = sourcecode.swift; path = MockFireStoreRepository.swift; sourceTree = "<group>"; };
		DE3BFCBB2D043C2F0076426D /* Assets.xcassets */ = {isa = PBXFileReference; lastKnownFileType = folder.assetcatalog; path = Assets.xcassets; sourceTree = "<group>"; };
		DE3BFCD52D048B170076426D /* GraceLogAppCoordinator.swift */ = {isa = PBXFileReference; lastKnownFileType = sourcecode.swift; path = GraceLogAppCoordinator.swift; sourceTree = "<group>"; };
		DE3BFCD72D048B550076426D /* Coordinator.swift */ = {isa = PBXFileReference; lastKnownFileType = sourcecode.swift; path = Coordinator.swift; sourceTree = "<group>"; };
		DE3BFCD92D059A3B0076426D /* HomeViewController.swift */ = {isa = PBXFileReference; lastKnownFileType = sourcecode.swift; path = HomeViewController.swift; sourceTree = "<group>"; };
		DE3BFCDB2D059A480076426D /* MyInfoViewController.swift */ = {isa = PBXFileReference; lastKnownFileType = sourcecode.swift; path = MyInfoViewController.swift; sourceTree = "<group>"; };
		DE3BFCDD2D059D3D0076426D /* SearchViewController.swift */ = {isa = PBXFileReference; lastKnownFileType = sourcecode.swift; path = SearchViewController.swift; sourceTree = "<group>"; };
		DE3BFCE02D059DDC0076426D /* HomeCoordinator.swift */ = {isa = PBXFileReference; lastKnownFileType = sourcecode.swift; path = HomeCoordinator.swift; sourceTree = "<group>"; };
		DE3BFCE32D059E970076426D /* SearchCoordinator.swift */ = {isa = PBXFileReference; lastKnownFileType = sourcecode.swift; path = SearchCoordinator.swift; sourceTree = "<group>"; };
		DE3BFCE62D05A2820076426D /* MyInfoCoordinator.swift */ = {isa = PBXFileReference; lastKnownFileType = sourcecode.swift; path = MyInfoCoordinator.swift; sourceTree = "<group>"; };
		DE3BFCEB2D0D3D390076426D /* GoogleService-Info.plist */ = {isa = PBXFileReference; fileEncoding = 4; lastKnownFileType = text.plist.xml; path = "GoogleService-Info.plist"; sourceTree = "<group>"; };
		DE58FEAD2D04284D008CADCD /* GraceLog.app */ = {isa = PBXFileReference; explicitFileType = wrapper.application; includeInIndex = 0; path = GraceLog.app; sourceTree = BUILT_PRODUCTS_DIR; };
		DE58FEB02D04284D008CADCD /* AppDelegate.swift */ = {isa = PBXFileReference; lastKnownFileType = sourcecode.swift; path = AppDelegate.swift; sourceTree = "<group>"; };
		DE58FEB22D04284D008CADCD /* SceneDelegate.swift */ = {isa = PBXFileReference; lastKnownFileType = sourcecode.swift; path = SceneDelegate.swift; sourceTree = "<group>"; };
		DE58FEBC2D04284D008CADCD /* Base */ = {isa = PBXFileReference; lastKnownFileType = file.storyboard; name = Base; path = Base.lproj/LaunchScreen.storyboard; sourceTree = "<group>"; };
		DE58FEBE2D04284D008CADCD /* Info.plist */ = {isa = PBXFileReference; lastKnownFileType = text.plist.xml; path = Info.plist; sourceTree = "<group>"; };
		DE58FEC72D04284E008CADCD /* LoginUseCaseTests.swift */ = {isa = PBXFileReference; lastKnownFileType = sourcecode.swift; name = LoginUseCaseTests.swift; path = ../../UseCaseTests/LoginScene/LoginUseCaseTests.swift; sourceTree = "<group>"; };
		DE58FECD2D04284E008CADCD /* GraceLogUITests.xctest */ = {isa = PBXFileReference; explicitFileType = wrapper.cfbundle; includeInIndex = 0; path = GraceLogUITests.xctest; sourceTree = BUILT_PRODUCTS_DIR; };
		DE58FED12D04284E008CADCD /* GraceLogUITests.swift */ = {isa = PBXFileReference; lastKnownFileType = sourcecode.swift; path = GraceLogUITests.swift; sourceTree = "<group>"; };
		DE58FED32D04284E008CADCD /* GraceLogUITestsLaunchTests.swift */ = {isa = PBXFileReference; lastKnownFileType = sourcecode.swift; path = GraceLogUITestsLaunchTests.swift; sourceTree = "<group>"; };
		DE9A1FC52D69D62E0044F655 /* CommunityTableViewCell.swift */ = {isa = PBXFileReference; lastKnownFileType = sourcecode.swift; path = CommunityTableViewCell.swift; sourceTree = "<group>"; };
		DE9A1FC72D69DA2A0044F655 /* CommunityButton.swift */ = {isa = PBXFileReference; lastKnownFileType = sourcecode.swift; path = CommunityButton.swift; sourceTree = "<group>"; };
		DE9A1FC92D6AAC8C0044F655 /* HomeViewReactor.swift */ = {isa = PBXFileReference; lastKnownFileType = sourcecode.swift; path = HomeViewReactor.swift; sourceTree = "<group>"; };
		DE9A1FCB2D6C7D890044F655 /* HomeCommunityMyTableViewCell.swift */ = {isa = PBXFileReference; lastKnownFileType = sourcecode.swift; path = HomeCommunityMyTableViewCell.swift; sourceTree = "<group>"; };
		DE9A1FCD2D6C86C00044F655 /* HomeCommunityUserTableViewCell.swift */ = {isa = PBXFileReference; lastKnownFileType = sourcecode.swift; path = HomeCommunityUserTableViewCell.swift; sourceTree = "<group>"; };
		DE9A1FCF2D6C87E60044F655 /* HomeCommunityDateHeaderView.swift */ = {isa = PBXFileReference; lastKnownFileType = sourcecode.swift; path = HomeCommunityDateHeaderView.swift; sourceTree = "<group>"; };
		DE9A1FD42D79AA780044F655 /* CommunityDiary.swift */ = {isa = PBXFileReference; lastKnownFileType = sourcecode.swift; path = CommunityDiary.swift; sourceTree = "<group>"; };
		DE9A1FD62D79AB8B0044F655 /* Community.swift */ = {isa = PBXFileReference; lastKnownFileType = sourcecode.swift; path = Community.swift; sourceTree = "<group>"; };
		DE9A1FD92D79AD660044F655 /* HomeDataSource.swift */ = {isa = PBXFileReference; lastKnownFileType = sourcecode.swift; path = HomeDataSource.swift; sourceTree = "<group>"; };
		DE9A1FDB2D79AFFA0044F655 /* MyDiaryItem.swift */ = {isa = PBXFileReference; lastKnownFileType = sourcecode.swift; path = MyDiaryItem.swift; sourceTree = "<group>"; };
		DE9A1FDD2D79B0A50044F655 /* HomeContent.swift */ = {isa = PBXFileReference; lastKnownFileType = sourcecode.swift; path = HomeContent.swift; sourceTree = "<group>"; };
		DEA04FA62D69A8C000BA978A /* String+Extension.swift */ = {isa = PBXFileReference; lastKnownFileType = sourcecode.swift; path = "String+Extension.swift"; sourceTree = "<group>"; };
		DEEFEAC92D29270500699692 /* GraceLogUser.swift */ = {isa = PBXFileReference; lastKnownFileType = sourcecode.swift; path = GraceLogUser.swift; sourceTree = "<group>"; };
		DEEFEACE2D2A64CF00699692 /* LoginCoordinator.swift */ = {isa = PBXFileReference; lastKnownFileType = sourcecode.swift; path = LoginCoordinator.swift; sourceTree = "<group>"; };
		E2561CE1730A7CC76CC990A3 /* Pods-GraceLog-GraceLogUITests.debug.xcconfig */ = {isa = PBXFileReference; includeInIndex = 1; lastKnownFileType = text.xcconfig; name = "Pods-GraceLog-GraceLogUITests.debug.xcconfig"; path = "Target Support Files/Pods-GraceLog-GraceLogUITests/Pods-GraceLog-GraceLogUITests.debug.xcconfig"; sourceTree = "<group>"; };
		EC27041694929DC3D121EF0C /* Pods_GraceLog.framework */ = {isa = PBXFileReference; explicitFileType = wrapper.framework; includeInIndex = 0; path = Pods_GraceLog.framework; sourceTree = BUILT_PRODUCTS_DIR; };
		FFE7CB138D1109187A996503 /* Pods-GraceLog.debug.xcconfig */ = {isa = PBXFileReference; includeInIndex = 1; lastKnownFileType = text.xcconfig; name = "Pods-GraceLog.debug.xcconfig"; path = "Target Support Files/Pods-GraceLog/Pods-GraceLog.debug.xcconfig"; sourceTree = "<group>"; };
/* End PBXFileReference section */

/* Begin PBXFrameworksBuildPhase section */
		DE24DB602D26D32200581621 /* Frameworks */ = {
			isa = PBXFrameworksBuildPhase;
			buildActionMask = 2147483647;
			files = (
				6D6D359847E48286C67E16F7 /* Pods_GraceLogUseCaseTests.framework in Frameworks */,
			);
			runOnlyForDeploymentPostprocessing = 0;
		};
		DE58FEAA2D04284D008CADCD /* Frameworks */ = {
			isa = PBXFrameworksBuildPhase;
			buildActionMask = 2147483647;
			files = (
				75248638A478EB9521F76504 /* Pods_GraceLog.framework in Frameworks */,
			);
			runOnlyForDeploymentPostprocessing = 0;
		};
		DE58FECA2D04284E008CADCD /* Frameworks */ = {
			isa = PBXFrameworksBuildPhase;
			buildActionMask = 2147483647;
			files = (
				A88BF65DF907D86788F86BF8 /* Pods_GraceLog_GraceLogUITests.framework in Frameworks */,
			);
			runOnlyForDeploymentPostprocessing = 0;
		};
/* End PBXFrameworksBuildPhase section */

/* Begin PBXGroup section */
		2EA2272B8D90352B60124564 /* Pods */ = {
			isa = PBXGroup;
			children = (
				FFE7CB138D1109187A996503 /* Pods-GraceLog.debug.xcconfig */,
				3772E15DC148101F5890C6F5 /* Pods-GraceLog.release.xcconfig */,
				E2561CE1730A7CC76CC990A3 /* Pods-GraceLog-GraceLogUITests.debug.xcconfig */,
				BD3D4E76539765E1009F5819 /* Pods-GraceLog-GraceLogUITests.release.xcconfig */,
				45FB5606D88433D808BF0656 /* Pods-GraceLogTests.debug.xcconfig */,
				87E14D79ABA16C7A19244077 /* Pods-GraceLogTests.release.xcconfig */,
				8BC9F644955C12A97595F5EF /* Pods-GraceLogUseCaseTests.debug.xcconfig */,
				13CEE664F868FEB4EF0F50A2 /* Pods-GraceLogUseCaseTests.release.xcconfig */,
			);
			path = Pods;
			sourceTree = "<group>";
		};
		5220B6260B4015DECE44E88F /* Frameworks */ = {
			isa = PBXGroup;
			children = (
				EC27041694929DC3D121EF0C /* Pods_GraceLog.framework */,
				92AAD74E157DB380B9B4192E /* Pods_GraceLog_GraceLogUITests.framework */,
				C2C92987C1F1070895365F17 /* Pods_GraceLogTests.framework */,
				7D415D287B3EAEECA4BE40BB /* Pods_GraceLogUseCaseTests.framework */,
			);
			name = Frameworks;
			sourceTree = "<group>";
		};
		DE069B922D53A708007C2066 /* DiaryScene */ = {
			isa = PBXGroup;
			children = (
				DE069B932D53A818007C2066 /* Coordinator */,
				DE069B942D53A81F007C2066 /* Reactor */,
				DE069B952D53A826007C2066 /* View */,
				DE069B962D53A82B007C2066 /* ViewController */,
			);
			path = DiaryScene;
			sourceTree = "<group>";
		};
		DE069B932D53A818007C2066 /* Coordinator */ = {
			isa = PBXGroup;
			children = (
				DE069B972D53A855007C2066 /* DiaryCoordinator.swift */,
			);
			path = Coordinator;
			sourceTree = "<group>";
		};
		DE069B942D53A81F007C2066 /* Reactor */ = {
			isa = PBXGroup;
			children = (
			);
			path = Reactor;
			sourceTree = "<group>";
		};
		DE069B952D53A826007C2066 /* View */ = {
			isa = PBXGroup;
			children = (
			);
			path = View;
			sourceTree = "<group>";
		};
		DE069B962D53A82B007C2066 /* ViewController */ = {
			isa = PBXGroup;
			children = (
				DE069B992D53A884007C2066 /* DiaryViewController.swift */,
			);
			path = ViewController;
			sourceTree = "<group>";
		};
		DE24DB642D26D32200581621 /* GraceLogUseCaseTests */ = {
			isa = PBXGroup;
			children = (
				DE2700712D257019005C9DCF /* Mock */,
				DE24DB6C2D26D33000581621 /* LoginScene */,
			);
			path = GraceLogUseCaseTests;
			sourceTree = "<group>";
		};
		DE24DB6C2D26D33000581621 /* LoginScene */ = {
			isa = PBXGroup;
			children = (
				DE58FEC72D04284E008CADCD /* LoginUseCaseTests.swift */,
			);
			path = LoginScene;
			sourceTree = "<group>";
		};
		DE2700312D1EFAE0005C9DCF /* Fonts */ = {
			isa = PBXGroup;
			children = (
				DE2700352D1EFB4E005C9DCF /* Pretendard-Black.otf */,
				DE2700322D1EFB4D005C9DCF /* Pretendard-Bold.otf */,
				DE2700362D1EFB4E005C9DCF /* Pretendard-ExtraBold.otf */,
				DE2700332D1EFB4E005C9DCF /* Pretendard-ExtraLight.otf */,
				DE2700342D1EFB4E005C9DCF /* Pretendard-Light.otf */,
				DE2700382D1EFB4E005C9DCF /* Pretendard-Medium.otf */,
				DE27003A2D1EFB4E005C9DCF /* Pretendard-Regular.otf */,
				DE2700392D1EFB4E005C9DCF /* Pretendard-SemiBold.otf */,
				DE2700372D1EFB4E005C9DCF /* Pretendard-Thin.otf */,
			);
			path = Fonts;
			sourceTree = "<group>";
		};
		DE2700442D1EFCF0005C9DCF /* LoginScene */ = {
			isa = PBXGroup;
			children = (
				DE2700542D211F0D005C9DCF /* Coordinator */,
				DE27004A2D1F9FA8005C9DCF /* ViewController */,
				DE27004C2D1F9FB8005C9DCF /* Reactor */,
			);
			path = LoginScene;
			sourceTree = "<group>";
		};
		DE2700472D1F9E56005C9DCF /* Extension */ = {
			isa = PBXGroup;
			children = (
				DE2700482D1F9E6B005C9DCF /* UIColor+CustomColor.swift */,
				DE27004F2D1FA03B005C9DCF /* UIView+Extension.swift */,
				DEA04FA62D69A8C000BA978A /* String+Extension.swift */,
			);
			path = Extension;
			sourceTree = "<group>";
		};
		DE27004A2D1F9FA8005C9DCF /* ViewController */ = {
			isa = PBXGroup;
			children = (
				DE2700452D1EFD06005C9DCF /* LoginViewController.swift */,
			);
			path = ViewController;
			sourceTree = "<group>";
		};
		DE27004C2D1F9FB8005C9DCF /* Reactor */ = {
			isa = PBXGroup;
			children = (
				DE2700522D2113F2005C9DCF /* LoginReactor.swift */,
			);
			path = Reactor;
			sourceTree = "<group>";
		};
		DE2700542D211F0D005C9DCF /* Coordinator */ = {
			isa = PBXGroup;
			children = (
				DEEFEACE2D2A64CF00699692 /* LoginCoordinator.swift */,
			);
			path = Coordinator;
			sourceTree = "<group>";
		};
		DE2700552D211F3B005C9DCF /* Entity */ = {
			isa = PBXGroup;
			children = (
				DEEFEAC92D29270500699692 /* GraceLogUser.swift */,
				DE9A1FD42D79AA780044F655 /* CommunityDiary.swift */,
				DE9A1FD62D79AB8B0044F655 /* Community.swift */,
				DE9A1FDB2D79AFFA0044F655 /* MyDiaryItem.swift */,
				DE9A1FDD2D79B0A50044F655 /* HomeContent.swift */,
			);
			path = Entity;
			sourceTree = "<group>";
		};
		DE2700562D211F61005C9DCF /* Usecase */ = {
			isa = PBXGroup;
			children = (
				DE2700572D211F82005C9DCF /* Login */,
			);
			path = Usecase;
			sourceTree = "<group>";
		};
		DE2700572D211F82005C9DCF /* Login */ = {
			isa = PBXGroup;
			children = (
				DE2700582D211F94005C9DCF /* Protocol */,
				DE27005B2D212609005C9DCF /* DefaultLoginUseCase.swift */,
			);
			path = Login;
			sourceTree = "<group>";
		};
		DE2700582D211F94005C9DCF /* Protocol */ = {
			isa = PBXGroup;
			children = (
				DE2700592D2125FF005C9DCF /* LoginUseCase.swift */,
			);
			path = Protocol;
			sourceTree = "<group>";
		};
		DE27005D2D2126B1005C9DCF /* Protocol */ = {
			isa = PBXGroup;
			children = (
				DE27005E2D212770005C9DCF /* FireStoreRepository.swift */,
			);
			path = Protocol;
			sourceTree = "<group>";
		};
		DE2700602D22D165005C9DCF /* Network */ = {
			isa = PBXGroup;
			children = (
				DE2700642D22D40A005C9DCF /* DTO */,
			);
			path = Network;
			sourceTree = "<group>";
		};
		DE2700612D22D177005C9DCF /* Repository */ = {
			isa = PBXGroup;
			children = (
				DE2700622D22D188005C9DCF /* DefaultFireStoreRepository.swift */,
			);
			path = Repository;
			sourceTree = "<group>";
		};
		DE2700642D22D40A005C9DCF /* DTO */ = {
			isa = PBXGroup;
			children = (
				DE2700652D22D43E005C9DCF /* UserDTO.swift */,
			);
			path = DTO;
			sourceTree = "<group>";
		};
		DE2700672D22D570005C9DCF /* Constant */ = {
			isa = PBXGroup;
			children = (
				DE2700682D22D591005C9DCF /* Constant.swift */,
			);
			path = Constant;
			sourceTree = "<group>";
		};
		DE27006A2D22DA5B005C9DCF /* Error */ = {
			isa = PBXGroup;
			children = (
				DE27006B2D22DBAF005C9DCF /* AuthError.swift */,
				DE27006D2D22DD55005C9DCF /* FirestoreError.swift */,
			);
			path = Error;
			sourceTree = "<group>";
		};
		DE2700712D257019005C9DCF /* Mock */ = {
			isa = PBXGroup;
			children = (
				DE2700732D257068005C9DCF /* MockFireStoreRepository.swift */,
			);
			path = Mock;
			sourceTree = "<group>";
		};
		DE3BFCBA2D043BF40076426D /* Resource */ = {
			isa = PBXGroup;
			children = (
				DE3BFCEB2D0D3D390076426D /* GoogleService-Info.plist */,
				DE58FEBE2D04284D008CADCD /* Info.plist */,
				DE3BFCBD2D043C6E0076426D /* Assets */,
			);
			path = Resource;
			sourceTree = "<group>";
		};
		DE3BFCBC2D043C4A0076426D /* Source */ = {
			isa = PBXGroup;
			children = (
				DE3BFCBE2D043C920076426D /* Application */,
				DE3BFCC22D043D200076426D /* Util */,
				DE3BFCC12D043D0C0076426D /* Data */,
				DE3BFCBF2D043CF70076426D /* Domain */,
				DE3BFCC02D043D020076426D /* Presentation */,
				DE58FEBB2D04284D008CADCD /* LaunchScreen.storyboard */,
			);
			path = Source;
			sourceTree = "<group>";
		};
		DE3BFCBD2D043C6E0076426D /* Assets */ = {
			isa = PBXGroup;
			children = (
				DE2700312D1EFAE0005C9DCF /* Fonts */,
				DE3BFCBB2D043C2F0076426D /* Assets.xcassets */,
			);
			path = Assets;
			sourceTree = "<group>";
		};
		DE3BFCBE2D043C920076426D /* Application */ = {
			isa = PBXGroup;
			children = (
				DE58FEB02D04284D008CADCD /* AppDelegate.swift */,
				DE58FEB22D04284D008CADCD /* SceneDelegate.swift */,
			);
			path = Application;
			sourceTree = "<group>";
		};
		DE3BFCBF2D043CF70076426D /* Domain */ = {
			isa = PBXGroup;
			children = (
				DE27005D2D2126B1005C9DCF /* Protocol */,
				DE2700562D211F61005C9DCF /* Usecase */,
				DE2700552D211F3B005C9DCF /* Entity */,
			);
			path = Domain;
			sourceTree = "<group>";
		};
		DE3BFCC02D043D020076426D /* Presentation */ = {
			isa = PBXGroup;
			children = (
				DE3BFCC42D043D9E0076426D /* Common */,
				DE2700442D1EFCF0005C9DCF /* LoginScene */,
				DE3BFCC32D043D8B0076426D /* HomeScene */,
				DE069B922D53A708007C2066 /* DiaryScene */,
				DE3BFCC62D043DB70076426D /* SearchScene */,
				DE3BFCC52D043DA40076426D /* MyInfoScene */,
			);
			path = Presentation;
			sourceTree = "<group>";
		};
		DE3BFCC12D043D0C0076426D /* Data */ = {
			isa = PBXGroup;
			children = (
				DE2700602D22D165005C9DCF /* Network */,
				DE2700612D22D177005C9DCF /* Repository */,
			);
			path = Data;
			sourceTree = "<group>";
		};
		DE3BFCC22D043D200076426D /* Util */ = {
			isa = PBXGroup;
			children = (
				DE27006A2D22DA5B005C9DCF /* Error */,
				DE2700672D22D570005C9DCF /* Constant */,
				DE2700472D1F9E56005C9DCF /* Extension */,
			);
			path = Util;
			sourceTree = "<group>";
		};
		DE3BFCC32D043D8B0076426D /* HomeScene */ = {
			isa = PBXGroup;
			children = (
				DE9A1FD82D79AD550044F655 /* DataSource */,
				DE3BFCDF2D059DD20076426D /* Coordinator */,
				DE3BFCCB2D0489BD0076426D /* Reactor */,
				DE3BFCCC2D0489C20076426D /* View */,
				DE3BFCCD2D0489C70076426D /* ViewController */,
			);
			path = HomeScene;
			sourceTree = "<group>";
		};
		DE3BFCC42D043D9E0076426D /* Common */ = {
			isa = PBXGroup;
			children = (
				DE3BFCD42D048AE50076426D /* Coordinator */,
				DE3BFCC92D0489A00076426D /* Reactor */,
				DE3BFCC82D0489980076426D /* View */,
				DE3BFCC72D0489850076426D /* ViewController */,
			);
			path = Common;
			sourceTree = "<group>";
		};
		DE3BFCC52D043DA40076426D /* MyInfoScene */ = {
			isa = PBXGroup;
			children = (
				DE3BFCE52D05A1FD0076426D /* Coordinator */,
				DE3BFCD12D0489FB0076426D /* Reactor */,
				DE3BFCD22D048A010076426D /* View */,
				DE3BFCD32D048A080076426D /* ViewController */,
			);
			path = MyInfoScene;
			sourceTree = "<group>";
		};
		DE3BFCC62D043DB70076426D /* SearchScene */ = {
			isa = PBXGroup;
			children = (
				DE3BFCE22D059DEF0076426D /* Coordinator */,
				DE3BFCCE2D0489DA0076426D /* Reactor */,
				DE3BFCCF2D0489E40076426D /* View */,
				DE3BFCD02D0489EE0076426D /* ViewController */,
			);
			path = SearchScene;
			sourceTree = "<group>";
		};
		DE3BFCC72D0489850076426D /* ViewController */ = {
			isa = PBXGroup;
			children = (
			);
			path = ViewController;
			sourceTree = "<group>";
		};
		DE3BFCC82D0489980076426D /* View */ = {
			isa = PBXGroup;
			children = (
			);
			path = View;
			sourceTree = "<group>";
		};
		DE3BFCC92D0489A00076426D /* Reactor */ = {
			isa = PBXGroup;
			children = (
			);
			path = Reactor;
			sourceTree = "<group>";
		};
		DE3BFCCB2D0489BD0076426D /* Reactor */ = {
			isa = PBXGroup;
			children = (
				DE9A1FC92D6AAC8C0044F655 /* HomeViewReactor.swift */,
			);
			path = Reactor;
			sourceTree = "<group>";
		};
		DE3BFCCC2D0489C20076426D /* View */ = {
			isa = PBXGroup;
			children = (
				DE069B9F2D571472007C2066 /* HomeNavBarTableViewHeader.swift */,
				DE069B9D2D57144A007C2066 /* HomeDiaryTableViewCell.swift */,
				DE069BA12D571485007C2066 /* HomeRecommendTableViewCell.swift */,
				DE069BA32D571499007C2066 /* HomeTableViewHeader.swift */,
				DE069BA72D61E310007C2066 /* DiaryCardView.swift */,
				DE9A1FC52D69D62E0044F655 /* CommunityTableViewCell.swift */,
				DE9A1FC72D69DA2A0044F655 /* CommunityButton.swift */,
				DE9A1FCB2D6C7D890044F655 /* HomeCommunityMyTableViewCell.swift */,
				DE9A1FCD2D6C86C00044F655 /* HomeCommunityUserTableViewCell.swift */,
				DE9A1FCF2D6C87E60044F655 /* HomeCommunityDateHeaderView.swift */,
			);
			path = View;
			sourceTree = "<group>";
		};
		DE3BFCCD2D0489C70076426D /* ViewController */ = {
			isa = PBXGroup;
			children = (
				DE3BFCD92D059A3B0076426D /* HomeViewController.swift */,
				DE069B9B2D5711D3007C2066 /* HomeNextViewController.swift */,
			);
			path = ViewController;
			sourceTree = "<group>";
		};
		DE3BFCCE2D0489DA0076426D /* Reactor */ = {
			isa = PBXGroup;
			children = (
			);
			path = Reactor;
			sourceTree = "<group>";
		};
		DE3BFCCF2D0489E40076426D /* View */ = {
			isa = PBXGroup;
			children = (
			);
			path = View;
			sourceTree = "<group>";
		};
		DE3BFCD02D0489EE0076426D /* ViewController */ = {
			isa = PBXGroup;
			children = (
				DE3BFCDD2D059D3D0076426D /* SearchViewController.swift */,
			);
			path = ViewController;
			sourceTree = "<group>";
		};
		DE3BFCD12D0489FB0076426D /* Reactor */ = {
			isa = PBXGroup;
			children = (
			);
			path = Reactor;
			sourceTree = "<group>";
		};
		DE3BFCD22D048A010076426D /* View */ = {
			isa = PBXGroup;
			children = (
			);
			path = View;
			sourceTree = "<group>";
		};
		DE3BFCD32D048A080076426D /* ViewController */ = {
			isa = PBXGroup;
			children = (
				DE3BFCDB2D059A480076426D /* MyInfoViewController.swift */,
			);
			path = ViewController;
			sourceTree = "<group>";
		};
		DE3BFCD42D048AE50076426D /* Coordinator */ = {
			isa = PBXGroup;
			children = (
				DE3BFCD72D048B550076426D /* Coordinator.swift */,
				DE3BFCD52D048B170076426D /* GraceLogAppCoordinator.swift */,
			);
			path = Coordinator;
			sourceTree = "<group>";
		};
		DE3BFCDF2D059DD20076426D /* Coordinator */ = {
			isa = PBXGroup;
			children = (
				DE3BFCE02D059DDC0076426D /* HomeCoordinator.swift */,
			);
			path = Coordinator;
			sourceTree = "<group>";
		};
		DE3BFCE22D059DEF0076426D /* Coordinator */ = {
			isa = PBXGroup;
			children = (
				DE3BFCE32D059E970076426D /* SearchCoordinator.swift */,
			);
			path = Coordinator;
			sourceTree = "<group>";
		};
		DE3BFCE52D05A1FD0076426D /* Coordinator */ = {
			isa = PBXGroup;
			children = (
				DE3BFCE62D05A2820076426D /* MyInfoCoordinator.swift */,
			);
			path = Coordinator;
			sourceTree = "<group>";
		};
		DE58FEA42D04284D008CADCD = {
			isa = PBXGroup;
			children = (
				DE58FEAF2D04284D008CADCD /* GraceLog */,
				DE58FED02D04284E008CADCD /* GraceLogUITests */,
				DE24DB642D26D32200581621 /* GraceLogUseCaseTests */,
				DE58FEAE2D04284D008CADCD /* Products */,
				2EA2272B8D90352B60124564 /* Pods */,
				5220B6260B4015DECE44E88F /* Frameworks */,
			);
			sourceTree = "<group>";
		};
		DE58FEAE2D04284D008CADCD /* Products */ = {
			isa = PBXGroup;
			children = (
				DE58FEAD2D04284D008CADCD /* GraceLog.app */,
				DE58FECD2D04284E008CADCD /* GraceLogUITests.xctest */,
				DE24DB632D26D32200581621 /* GraceLogUseCaseTests.xctest */,
			);
			name = Products;
			sourceTree = "<group>";
		};
		DE58FEAF2D04284D008CADCD /* GraceLog */ = {
			isa = PBXGroup;
			children = (
				DE3BFCBA2D043BF40076426D /* Resource */,
				DE3BFCBC2D043C4A0076426D /* Source */,
			);
			path = GraceLog;
			sourceTree = "<group>";
		};
		DE58FED02D04284E008CADCD /* GraceLogUITests */ = {
			isa = PBXGroup;
			children = (
				DE58FED12D04284E008CADCD /* GraceLogUITests.swift */,
				DE58FED32D04284E008CADCD /* GraceLogUITestsLaunchTests.swift */,
			);
			path = GraceLogUITests;
			sourceTree = "<group>";
		};
		DE9A1FD82D79AD550044F655 /* DataSource */ = {
			isa = PBXGroup;
			children = (
				DE9A1FD92D79AD660044F655 /* HomeDataSource.swift */,
			);
			path = DataSource;
			sourceTree = "<group>";
		};
/* End PBXGroup section */

/* Begin PBXNativeTarget section */
		DE24DB622D26D32200581621 /* GraceLogUseCaseTests */ = {
			isa = PBXNativeTarget;
			buildConfigurationList = DE24DB692D26D32200581621 /* Build configuration list for PBXNativeTarget "GraceLogUseCaseTests" */;
			buildPhases = (
				55A70F314490E256E54AF258 /* [CP] Check Pods Manifest.lock */,
				DE24DB5F2D26D32200581621 /* Sources */,
				DE24DB602D26D32200581621 /* Frameworks */,
				DE24DB612D26D32200581621 /* Resources */,
				7521E5AD04FD281E520CC86F /* [CP] Embed Pods Frameworks */,
			);
			buildRules = (
			);
			dependencies = (
				DE24DB682D26D32200581621 /* PBXTargetDependency */,
			);
			name = GraceLogUseCaseTests;
			productName = GraceLogUseCaseTests;
			productReference = DE24DB632D26D32200581621 /* GraceLogUseCaseTests.xctest */;
			productType = "com.apple.product-type.bundle.unit-test";
		};
		DE58FEAC2D04284D008CADCD /* GraceLog */ = {
			isa = PBXNativeTarget;
			buildConfigurationList = DE58FED72D04284E008CADCD /* Build configuration list for PBXNativeTarget "GraceLog" */;
			buildPhases = (
				583AF8AD94B7807E5B441B5B /* [CP] Check Pods Manifest.lock */,
				DE58FEA92D04284D008CADCD /* Sources */,
				DE58FEAA2D04284D008CADCD /* Frameworks */,
				DE58FEAB2D04284D008CADCD /* Resources */,
				ABED5811BE029F6EC390A7C1 /* [CP] Embed Pods Frameworks */,
			);
			buildRules = (
			);
			dependencies = (
			);
			name = GraceLog;
			productName = GraceLog;
			productReference = DE58FEAD2D04284D008CADCD /* GraceLog.app */;
			productType = "com.apple.product-type.application";
		};
		DE58FECC2D04284E008CADCD /* GraceLogUITests */ = {
			isa = PBXNativeTarget;
			buildConfigurationList = DE58FEDD2D04284E008CADCD /* Build configuration list for PBXNativeTarget "GraceLogUITests" */;
			buildPhases = (
				A6721BFEAB1CDEB55CA9A1D9 /* [CP] Check Pods Manifest.lock */,
				DE58FEC92D04284E008CADCD /* Sources */,
				DE58FECA2D04284E008CADCD /* Frameworks */,
				DE58FECB2D04284E008CADCD /* Resources */,
				701CD70413BD97E3234C9381 /* [CP] Embed Pods Frameworks */,
			);
			buildRules = (
			);
			dependencies = (
				DE58FECF2D04284E008CADCD /* PBXTargetDependency */,
			);
			name = GraceLogUITests;
			productName = GraceLogUITests;
			productReference = DE58FECD2D04284E008CADCD /* GraceLogUITests.xctest */;
			productType = "com.apple.product-type.bundle.ui-testing";
		};
/* End PBXNativeTarget section */

/* Begin PBXProject section */
		DE58FEA52D04284D008CADCD /* Project object */ = {
			isa = PBXProject;
			attributes = {
				BuildIndependentTargetsInParallel = 1;
				LastSwiftUpdateCheck = 1540;
				LastUpgradeCheck = 1540;
				TargetAttributes = {
					DE24DB622D26D32200581621 = {
						CreatedOnToolsVersion = 15.4;
						TestTargetID = DE58FEAC2D04284D008CADCD;
					};
					DE58FEAC2D04284D008CADCD = {
						CreatedOnToolsVersion = 15.4;
					};
					DE58FECC2D04284E008CADCD = {
						CreatedOnToolsVersion = 15.4;
						TestTargetID = DE58FEAC2D04284D008CADCD;
					};
				};
			};
			buildConfigurationList = DE58FEA82D04284D008CADCD /* Build configuration list for PBXProject "GraceLog" */;
			compatibilityVersion = "Xcode 14.0";
			developmentRegion = en;
			hasScannedForEncodings = 0;
			knownRegions = (
				en,
				Base,
			);
			mainGroup = DE58FEA42D04284D008CADCD;
			productRefGroup = DE58FEAE2D04284D008CADCD /* Products */;
			projectDirPath = "";
			projectRoot = "";
			targets = (
				DE58FEAC2D04284D008CADCD /* GraceLog */,
				DE58FECC2D04284E008CADCD /* GraceLogUITests */,
				DE24DB622D26D32200581621 /* GraceLogUseCaseTests */,
			);
		};
/* End PBXProject section */

/* Begin PBXResourcesBuildPhase section */
		DE24DB612D26D32200581621 /* Resources */ = {
			isa = PBXResourcesBuildPhase;
			buildActionMask = 2147483647;
			files = (
			);
			runOnlyForDeploymentPostprocessing = 0;
		};
		DE58FEAB2D04284D008CADCD /* Resources */ = {
			isa = PBXResourcesBuildPhase;
			buildActionMask = 2147483647;
			files = (
				DE58FEBD2D04284D008CADCD /* Base in Resources */,
				DE27003B2D1EFB4E005C9DCF /* Pretendard-Bold.otf in Resources */,
				DE27003F2D1EFB4E005C9DCF /* Pretendard-ExtraBold.otf in Resources */,
				DE2700402D1EFB4E005C9DCF /* Pretendard-Thin.otf in Resources */,
				DE27003C2D1EFB4E005C9DCF /* Pretendard-ExtraLight.otf in Resources */,
				DE27003D2D1EFB4E005C9DCF /* Pretendard-Light.otf in Resources */,
				DE27003E2D1EFB4E005C9DCF /* Pretendard-Black.otf in Resources */,
				DE2700422D1EFB4E005C9DCF /* Pretendard-SemiBold.otf in Resources */,
				DE2700432D1EFB4E005C9DCF /* Pretendard-Regular.otf in Resources */,
				DE3BFCEC2D0D3D390076426D /* GoogleService-Info.plist in Resources */,
				DE2700512D2106C2005C9DCF /* Assets.xcassets in Resources */,
				DE2700412D1EFB4E005C9DCF /* Pretendard-Medium.otf in Resources */,
			);
			runOnlyForDeploymentPostprocessing = 0;
		};
		DE58FECB2D04284E008CADCD /* Resources */ = {
			isa = PBXResourcesBuildPhase;
			buildActionMask = 2147483647;
			files = (
			);
			runOnlyForDeploymentPostprocessing = 0;
		};
/* End PBXResourcesBuildPhase section */

/* Begin PBXShellScriptBuildPhase section */
		55A70F314490E256E54AF258 /* [CP] Check Pods Manifest.lock */ = {
			isa = PBXShellScriptBuildPhase;
			buildActionMask = 2147483647;
			files = (
			);
			inputFileListPaths = (
			);
			inputPaths = (
				"${PODS_PODFILE_DIR_PATH}/Podfile.lock",
				"${PODS_ROOT}/Manifest.lock",
			);
			name = "[CP] Check Pods Manifest.lock";
			outputFileListPaths = (
			);
			outputPaths = (
				"$(DERIVED_FILE_DIR)/Pods-GraceLogUseCaseTests-checkManifestLockResult.txt",
			);
			runOnlyForDeploymentPostprocessing = 0;
			shellPath = /bin/sh;
			shellScript = "diff \"${PODS_PODFILE_DIR_PATH}/Podfile.lock\" \"${PODS_ROOT}/Manifest.lock\" > /dev/null\nif [ $? != 0 ] ; then\n    # print error to STDERR\n    echo \"error: The sandbox is not in sync with the Podfile.lock. Run 'pod install' or update your CocoaPods installation.\" >&2\n    exit 1\nfi\n# This output is used by Xcode 'outputs' to avoid re-running this script phase.\necho \"SUCCESS\" > \"${SCRIPT_OUTPUT_FILE_0}\"\n";
			showEnvVarsInLog = 0;
		};
		583AF8AD94B7807E5B441B5B /* [CP] Check Pods Manifest.lock */ = {
			isa = PBXShellScriptBuildPhase;
			buildActionMask = 2147483647;
			files = (
			);
			inputFileListPaths = (
			);
			inputPaths = (
				"${PODS_PODFILE_DIR_PATH}/Podfile.lock",
				"${PODS_ROOT}/Manifest.lock",
			);
			name = "[CP] Check Pods Manifest.lock";
			outputFileListPaths = (
			);
			outputPaths = (
				"$(DERIVED_FILE_DIR)/Pods-GraceLog-checkManifestLockResult.txt",
			);
			runOnlyForDeploymentPostprocessing = 0;
			shellPath = /bin/sh;
			shellScript = "diff \"${PODS_PODFILE_DIR_PATH}/Podfile.lock\" \"${PODS_ROOT}/Manifest.lock\" > /dev/null\nif [ $? != 0 ] ; then\n    # print error to STDERR\n    echo \"error: The sandbox is not in sync with the Podfile.lock. Run 'pod install' or update your CocoaPods installation.\" >&2\n    exit 1\nfi\n# This output is used by Xcode 'outputs' to avoid re-running this script phase.\necho \"SUCCESS\" > \"${SCRIPT_OUTPUT_FILE_0}\"\n";
			showEnvVarsInLog = 0;
		};
		701CD70413BD97E3234C9381 /* [CP] Embed Pods Frameworks */ = {
			isa = PBXShellScriptBuildPhase;
			buildActionMask = 2147483647;
			files = (
			);
			inputFileListPaths = (
				"${PODS_ROOT}/Target Support Files/Pods-GraceLog-GraceLogUITests/Pods-GraceLog-GraceLogUITests-frameworks-${CONFIGURATION}-input-files.xcfilelist",
			);
			name = "[CP] Embed Pods Frameworks";
			outputFileListPaths = (
				"${PODS_ROOT}/Target Support Files/Pods-GraceLog-GraceLogUITests/Pods-GraceLog-GraceLogUITests-frameworks-${CONFIGURATION}-output-files.xcfilelist",
			);
			runOnlyForDeploymentPostprocessing = 0;
			shellPath = /bin/sh;
			shellScript = "\"${PODS_ROOT}/Target Support Files/Pods-GraceLog-GraceLogUITests/Pods-GraceLog-GraceLogUITests-frameworks.sh\"\n";
			showEnvVarsInLog = 0;
		};
		7521E5AD04FD281E520CC86F /* [CP] Embed Pods Frameworks */ = {
			isa = PBXShellScriptBuildPhase;
			buildActionMask = 2147483647;
			files = (
			);
			inputFileListPaths = (
				"${PODS_ROOT}/Target Support Files/Pods-GraceLogUseCaseTests/Pods-GraceLogUseCaseTests-frameworks-${CONFIGURATION}-input-files.xcfilelist",
			);
			name = "[CP] Embed Pods Frameworks";
			outputFileListPaths = (
				"${PODS_ROOT}/Target Support Files/Pods-GraceLogUseCaseTests/Pods-GraceLogUseCaseTests-frameworks-${CONFIGURATION}-output-files.xcfilelist",
			);
			runOnlyForDeploymentPostprocessing = 0;
			shellPath = /bin/sh;
			shellScript = "\"${PODS_ROOT}/Target Support Files/Pods-GraceLogUseCaseTests/Pods-GraceLogUseCaseTests-frameworks.sh\"\n";
			showEnvVarsInLog = 0;
		};
		A6721BFEAB1CDEB55CA9A1D9 /* [CP] Check Pods Manifest.lock */ = {
			isa = PBXShellScriptBuildPhase;
			buildActionMask = 2147483647;
			files = (
			);
			inputFileListPaths = (
			);
			inputPaths = (
				"${PODS_PODFILE_DIR_PATH}/Podfile.lock",
				"${PODS_ROOT}/Manifest.lock",
			);
			name = "[CP] Check Pods Manifest.lock";
			outputFileListPaths = (
			);
			outputPaths = (
				"$(DERIVED_FILE_DIR)/Pods-GraceLog-GraceLogUITests-checkManifestLockResult.txt",
			);
			runOnlyForDeploymentPostprocessing = 0;
			shellPath = /bin/sh;
			shellScript = "diff \"${PODS_PODFILE_DIR_PATH}/Podfile.lock\" \"${PODS_ROOT}/Manifest.lock\" > /dev/null\nif [ $? != 0 ] ; then\n    # print error to STDERR\n    echo \"error: The sandbox is not in sync with the Podfile.lock. Run 'pod install' or update your CocoaPods installation.\" >&2\n    exit 1\nfi\n# This output is used by Xcode 'outputs' to avoid re-running this script phase.\necho \"SUCCESS\" > \"${SCRIPT_OUTPUT_FILE_0}\"\n";
			showEnvVarsInLog = 0;
		};
		ABED5811BE029F6EC390A7C1 /* [CP] Embed Pods Frameworks */ = {
			isa = PBXShellScriptBuildPhase;
			buildActionMask = 2147483647;
			files = (
			);
			inputFileListPaths = (
				"${PODS_ROOT}/Target Support Files/Pods-GraceLog/Pods-GraceLog-frameworks-${CONFIGURATION}-input-files.xcfilelist",
			);
			name = "[CP] Embed Pods Frameworks";
			outputFileListPaths = (
				"${PODS_ROOT}/Target Support Files/Pods-GraceLog/Pods-GraceLog-frameworks-${CONFIGURATION}-output-files.xcfilelist",
			);
			runOnlyForDeploymentPostprocessing = 0;
			shellPath = /bin/sh;
			shellScript = "\"${PODS_ROOT}/Target Support Files/Pods-GraceLog/Pods-GraceLog-frameworks.sh\"\n";
			showEnvVarsInLog = 0;
		};
/* End PBXShellScriptBuildPhase section */

/* Begin PBXSourcesBuildPhase section */
		DE24DB5F2D26D32200581621 /* Sources */ = {
			isa = PBXSourcesBuildPhase;
			buildActionMask = 2147483647;
			files = (
				DEEFEAC62D26D4F000699692 /* UserDTO.swift in Sources */,
				DE24DB6D2D26D34D00581621 /* LoginUseCaseTests.swift in Sources */,
				DE24DB6E2D26D36100581621 /* MockFireStoreRepository.swift in Sources */,
				DEEFEACC2D2A5E8200699692 /* GraceLogUser.swift in Sources */,
				DEEFEAC12D26D4B800699692 /* LoginUseCase.swift in Sources */,
				DEEFEAC22D26D4BC00699692 /* DefaultLoginUseCase.swift in Sources */,
				DEEFEAC42D26D4CD00699692 /* FireStoreRepository.swift in Sources */,
			);
			runOnlyForDeploymentPostprocessing = 0;
		};
		DE58FEA92D04284D008CADCD /* Sources */ = {
			isa = PBXSourcesBuildPhase;
			buildActionMask = 2147483647;
			files = (
				DE3BFCD62D048B170076426D /* GraceLogAppCoordinator.swift in Sources */,
				DE3BFCDE2D059D3D0076426D /* SearchViewController.swift in Sources */,
				DE069BA42D571499007C2066 /* HomeTableViewHeader.swift in Sources */,
				DE3BFCE12D059DDC0076426D /* HomeCoordinator.swift in Sources */,
				DE58FEB12D04284D008CADCD /* AppDelegate.swift in Sources */,
				DE9A1FCE2D6C86C00044F655 /* HomeCommunityUserTableViewCell.swift in Sources */,
				DE3BFCD82D048B550076426D /* Coordinator.swift in Sources */,
				DE9A1FD72D79AB8B0044F655 /* Community.swift in Sources */,
				DE3BFCE42D059E970076426D /* SearchCoordinator.swift in Sources */,
				DE3BFCDC2D059A480076426D /* MyInfoViewController.swift in Sources */,
				DEA04FA72D69A8C000BA978A /* String+Extension.swift in Sources */,
				DE58FEB32D04284D008CADCD /* SceneDelegate.swift in Sources */,
				DEEFEACA2D29270500699692 /* GraceLogUser.swift in Sources */,
				DE9A1FD02D6C87E60044F655 /* HomeCommunityDateHeaderView.swift in Sources */,
				DE9A1FC62D69D62E0044F655 /* CommunityTableViewCell.swift in Sources */,
				DE2700532D2113F2005C9DCF /* LoginReactor.swift in Sources */,
				DE9A1FD52D79AA780044F655 /* CommunityDiary.swift in Sources */,
				DE2700502D1FA03B005C9DCF /* UIView+Extension.swift in Sources */,
				DE9A1FDC2D79AFFA0044F655 /* MyDiaryItem.swift in Sources */,
				DE2700632D22D188005C9DCF /* DefaultFireStoreRepository.swift in Sources */,
				DE9A1FDE2D79B0A50044F655 /* HomeContent.swift in Sources */,
				DE3BFCE72D05A2820076426D /* MyInfoCoordinator.swift in Sources */,
				DE3BFCDA2D059A3B0076426D /* HomeViewController.swift in Sources */,
				DE069B9C2D5711D3007C2066 /* HomeNextViewController.swift in Sources */,
				DE2700492D1F9E6B005C9DCF /* UIColor+CustomColor.swift in Sources */,
				DE2700692D22D591005C9DCF /* Constant.swift in Sources */,
				DE9A1FCA2D6AAC8C0044F655 /* HomeViewReactor.swift in Sources */,
				DE069B982D53A855007C2066 /* DiaryCoordinator.swift in Sources */,
				DE069BA02D571472007C2066 /* HomeNavBarTableViewHeader.swift in Sources */,
				DE27005C2D212609005C9DCF /* DefaultLoginUseCase.swift in Sources */,
				DEEFEACF2D2A64CF00699692 /* LoginCoordinator.swift in Sources */,
				DE27006C2D22DBAF005C9DCF /* AuthError.swift in Sources */,
				DE27006E2D22DD55005C9DCF /* FirestoreError.swift in Sources */,
				DE2700462D1EFD06005C9DCF /* LoginViewController.swift in Sources */,
				DE9A1FDA2D79AD660044F655 /* HomeDataSource.swift in Sources */,
				DE069B9A2D53A884007C2066 /* DiaryViewController.swift in Sources */,
				DE069B9E2D57144A007C2066 /* HomeDiaryTableViewCell.swift in Sources */,
				DE069BA22D571485007C2066 /* HomeRecommendTableViewCell.swift in Sources */,
				DE069BA82D61E310007C2066 /* DiaryCardView.swift in Sources */,
				DE9A1FC82D69DA2A0044F655 /* CommunityButton.swift in Sources */,
				DE27005A2D2125FF005C9DCF /* LoginUseCase.swift in Sources */,
				DE9A1FCC2D6C7D890044F655 /* HomeCommunityMyTableViewCell.swift in Sources */,
				DE2700662D22D43E005C9DCF /* UserDTO.swift in Sources */,
				DE27005F2D212770005C9DCF /* FireStoreRepository.swift in Sources */,
			);
			runOnlyForDeploymentPostprocessing = 0;
		};
		DE58FEC92D04284E008CADCD /* Sources */ = {
			isa = PBXSourcesBuildPhase;
			buildActionMask = 2147483647;
			files = (
				DE58FED42D04284E008CADCD /* GraceLogUITestsLaunchTests.swift in Sources */,
				DE58FED22D04284E008CADCD /* GraceLogUITests.swift in Sources */,
				DEEFEACD2D2A5E8400699692 /* GraceLogUser.swift in Sources */,
				DEEFEAC02D26D4B800699692 /* LoginUseCase.swift in Sources */,
				DEEFEAC32D26D4CD00699692 /* FireStoreRepository.swift in Sources */,
			);
			runOnlyForDeploymentPostprocessing = 0;
		};
/* End PBXSourcesBuildPhase section */

/* Begin PBXTargetDependency section */
		DE24DB682D26D32200581621 /* PBXTargetDependency */ = {
			isa = PBXTargetDependency;
			target = DE58FEAC2D04284D008CADCD /* GraceLog */;
			targetProxy = DE24DB672D26D32200581621 /* PBXContainerItemProxy */;
		};
		DE58FECF2D04284E008CADCD /* PBXTargetDependency */ = {
			isa = PBXTargetDependency;
			target = DE58FEAC2D04284D008CADCD /* GraceLog */;
			targetProxy = DE58FECE2D04284E008CADCD /* PBXContainerItemProxy */;
		};
/* End PBXTargetDependency section */

/* Begin PBXVariantGroup section */
		DE58FEBB2D04284D008CADCD /* LaunchScreen.storyboard */ = {
			isa = PBXVariantGroup;
			children = (
				DE58FEBC2D04284D008CADCD /* Base */,
			);
			name = LaunchScreen.storyboard;
			sourceTree = "<group>";
		};
/* End PBXVariantGroup section */

/* Begin XCBuildConfiguration section */
		DE24DB6A2D26D32200581621 /* Debug */ = {
			isa = XCBuildConfiguration;
			baseConfigurationReference = 8BC9F644955C12A97595F5EF /* Pods-GraceLogUseCaseTests.debug.xcconfig */;
			buildSettings = {
				BUNDLE_LOADER = "$(TEST_HOST)";
				CODE_SIGN_STYLE = Automatic;
				CURRENT_PROJECT_VERSION = 1;
				DEVELOPMENT_TEAM = BFTA9SX898;
				ENABLE_USER_SCRIPT_SANDBOXING = NO;
				GENERATE_INFOPLIST_FILE = YES;
				IPHONEOS_DEPLOYMENT_TARGET = 15.0;
				MACOSX_DEPLOYMENT_TARGET = 14.2;
				MARKETING_VERSION = 1.0;
				PRODUCT_BUNDLE_IDENTIFIER = com.sangjun.GraceLogUseCaseTests;
				PRODUCT_NAME = "$(TARGET_NAME)";
				SDKROOT = auto;
				SUPPORTED_PLATFORMS = "iphoneos iphonesimulator macosx";
				SWIFT_EMIT_LOC_STRINGS = NO;
				SWIFT_VERSION = 5.0;
				TARGETED_DEVICE_FAMILY = "1,2";
				TEST_HOST = "$(BUILT_PRODUCTS_DIR)/GraceLog.app/$(BUNDLE_EXECUTABLE_FOLDER_PATH)/GraceLog";
			};
			name = Debug;
		};
		DE24DB6B2D26D32200581621 /* Release */ = {
			isa = XCBuildConfiguration;
			baseConfigurationReference = 13CEE664F868FEB4EF0F50A2 /* Pods-GraceLogUseCaseTests.release.xcconfig */;
			buildSettings = {
				BUNDLE_LOADER = "$(TEST_HOST)";
				CODE_SIGN_STYLE = Automatic;
				CURRENT_PROJECT_VERSION = 1;
				DEVELOPMENT_TEAM = BFTA9SX898;
				ENABLE_USER_SCRIPT_SANDBOXING = NO;
				GENERATE_INFOPLIST_FILE = YES;
				IPHONEOS_DEPLOYMENT_TARGET = 15.0;
				MACOSX_DEPLOYMENT_TARGET = 14.2;
				MARKETING_VERSION = 1.0;
				PRODUCT_BUNDLE_IDENTIFIER = com.sangjun.GraceLogUseCaseTests;
				PRODUCT_NAME = "$(TARGET_NAME)";
				SDKROOT = auto;
				SUPPORTED_PLATFORMS = "iphoneos iphonesimulator macosx";
				SWIFT_EMIT_LOC_STRINGS = NO;
				SWIFT_VERSION = 5.0;
				TARGETED_DEVICE_FAMILY = "1,2";
				TEST_HOST = "$(BUILT_PRODUCTS_DIR)/GraceLog.app/$(BUNDLE_EXECUTABLE_FOLDER_PATH)/GraceLog";
			};
			name = Release;
		};
		DE58FED52D04284E008CADCD /* Debug */ = {
			isa = XCBuildConfiguration;
			buildSettings = {
				ALWAYS_SEARCH_USER_PATHS = NO;
				ASSETCATALOG_COMPILER_GENERATE_SWIFT_ASSET_SYMBOL_EXTENSIONS = YES;
				CLANG_ANALYZER_NONNULL = YES;
				CLANG_ANALYZER_NUMBER_OBJECT_CONVERSION = YES_AGGRESSIVE;
				CLANG_CXX_LANGUAGE_STANDARD = "gnu++20";
				CLANG_ENABLE_MODULES = YES;
				CLANG_ENABLE_OBJC_ARC = YES;
				CLANG_ENABLE_OBJC_WEAK = YES;
				CLANG_WARN_BLOCK_CAPTURE_AUTORELEASING = YES;
				CLANG_WARN_BOOL_CONVERSION = YES;
				CLANG_WARN_COMMA = YES;
				CLANG_WARN_CONSTANT_CONVERSION = YES;
				CLANG_WARN_DEPRECATED_OBJC_IMPLEMENTATIONS = YES;
				CLANG_WARN_DIRECT_OBJC_ISA_USAGE = YES_ERROR;
				CLANG_WARN_DOCUMENTATION_COMMENTS = YES;
				CLANG_WARN_EMPTY_BODY = YES;
				CLANG_WARN_ENUM_CONVERSION = YES;
				CLANG_WARN_INFINITE_RECURSION = YES;
				CLANG_WARN_INT_CONVERSION = YES;
				CLANG_WARN_NON_LITERAL_NULL_CONVERSION = YES;
				CLANG_WARN_OBJC_IMPLICIT_RETAIN_SELF = YES;
				CLANG_WARN_OBJC_LITERAL_CONVERSION = YES;
				CLANG_WARN_OBJC_ROOT_CLASS = YES_ERROR;
				CLANG_WARN_QUOTED_INCLUDE_IN_FRAMEWORK_HEADER = YES;
				CLANG_WARN_RANGE_LOOP_ANALYSIS = YES;
				CLANG_WARN_STRICT_PROTOTYPES = YES;
				CLANG_WARN_SUSPICIOUS_MOVE = YES;
				CLANG_WARN_UNGUARDED_AVAILABILITY = YES_AGGRESSIVE;
				CLANG_WARN_UNREACHABLE_CODE = YES;
				CLANG_WARN__DUPLICATE_METHOD_MATCH = YES;
				COPY_PHASE_STRIP = NO;
				DEBUG_INFORMATION_FORMAT = dwarf;
				ENABLE_STRICT_OBJC_MSGSEND = YES;
				ENABLE_TESTABILITY = YES;
				ENABLE_USER_SCRIPT_SANDBOXING = YES;
				GCC_C_LANGUAGE_STANDARD = gnu17;
				GCC_DYNAMIC_NO_PIC = NO;
				GCC_NO_COMMON_BLOCKS = YES;
				GCC_OPTIMIZATION_LEVEL = 0;
				GCC_PREPROCESSOR_DEFINITIONS = (
					"DEBUG=1",
					"$(inherited)",
				);
				GCC_WARN_64_TO_32_BIT_CONVERSION = YES;
				GCC_WARN_ABOUT_RETURN_TYPE = YES_ERROR;
				GCC_WARN_UNDECLARED_SELECTOR = YES;
				GCC_WARN_UNINITIALIZED_AUTOS = YES_AGGRESSIVE;
				GCC_WARN_UNUSED_FUNCTION = YES;
				GCC_WARN_UNUSED_VARIABLE = YES;
				IPHONEOS_DEPLOYMENT_TARGET = 15.0;
				LOCALIZATION_PREFERS_STRING_CATALOGS = YES;
				MTL_ENABLE_DEBUG_INFO = INCLUDE_SOURCE;
				MTL_FAST_MATH = YES;
				ONLY_ACTIVE_ARCH = YES;
				SDKROOT = iphoneos;
				SWIFT_ACTIVE_COMPILATION_CONDITIONS = "DEBUG $(inherited)";
				SWIFT_OPTIMIZATION_LEVEL = "-Onone";
			};
			name = Debug;
		};
		DE58FED62D04284E008CADCD /* Release */ = {
			isa = XCBuildConfiguration;
			buildSettings = {
				ALWAYS_SEARCH_USER_PATHS = NO;
				ASSETCATALOG_COMPILER_GENERATE_SWIFT_ASSET_SYMBOL_EXTENSIONS = YES;
				CLANG_ANALYZER_NONNULL = YES;
				CLANG_ANALYZER_NUMBER_OBJECT_CONVERSION = YES_AGGRESSIVE;
				CLANG_CXX_LANGUAGE_STANDARD = "gnu++20";
				CLANG_ENABLE_MODULES = YES;
				CLANG_ENABLE_OBJC_ARC = YES;
				CLANG_ENABLE_OBJC_WEAK = YES;
				CLANG_WARN_BLOCK_CAPTURE_AUTORELEASING = YES;
				CLANG_WARN_BOOL_CONVERSION = YES;
				CLANG_WARN_COMMA = YES;
				CLANG_WARN_CONSTANT_CONVERSION = YES;
				CLANG_WARN_DEPRECATED_OBJC_IMPLEMENTATIONS = YES;
				CLANG_WARN_DIRECT_OBJC_ISA_USAGE = YES_ERROR;
				CLANG_WARN_DOCUMENTATION_COMMENTS = YES;
				CLANG_WARN_EMPTY_BODY = YES;
				CLANG_WARN_ENUM_CONVERSION = YES;
				CLANG_WARN_INFINITE_RECURSION = YES;
				CLANG_WARN_INT_CONVERSION = YES;
				CLANG_WARN_NON_LITERAL_NULL_CONVERSION = YES;
				CLANG_WARN_OBJC_IMPLICIT_RETAIN_SELF = YES;
				CLANG_WARN_OBJC_LITERAL_CONVERSION = YES;
				CLANG_WARN_OBJC_ROOT_CLASS = YES_ERROR;
				CLANG_WARN_QUOTED_INCLUDE_IN_FRAMEWORK_HEADER = YES;
				CLANG_WARN_RANGE_LOOP_ANALYSIS = YES;
				CLANG_WARN_STRICT_PROTOTYPES = YES;
				CLANG_WARN_SUSPICIOUS_MOVE = YES;
				CLANG_WARN_UNGUARDED_AVAILABILITY = YES_AGGRESSIVE;
				CLANG_WARN_UNREACHABLE_CODE = YES;
				CLANG_WARN__DUPLICATE_METHOD_MATCH = YES;
				COPY_PHASE_STRIP = NO;
				DEBUG_INFORMATION_FORMAT = "dwarf-with-dsym";
				ENABLE_NS_ASSERTIONS = NO;
				ENABLE_STRICT_OBJC_MSGSEND = YES;
				ENABLE_USER_SCRIPT_SANDBOXING = YES;
				GCC_C_LANGUAGE_STANDARD = gnu17;
				GCC_NO_COMMON_BLOCKS = YES;
				GCC_WARN_64_TO_32_BIT_CONVERSION = YES;
				GCC_WARN_ABOUT_RETURN_TYPE = YES_ERROR;
				GCC_WARN_UNDECLARED_SELECTOR = YES;
				GCC_WARN_UNINITIALIZED_AUTOS = YES_AGGRESSIVE;
				GCC_WARN_UNUSED_FUNCTION = YES;
				GCC_WARN_UNUSED_VARIABLE = YES;
				IPHONEOS_DEPLOYMENT_TARGET = 15.0;
				LOCALIZATION_PREFERS_STRING_CATALOGS = YES;
				MTL_ENABLE_DEBUG_INFO = NO;
				MTL_FAST_MATH = YES;
				SDKROOT = iphoneos;
				SWIFT_COMPILATION_MODE = wholemodule;
				VALIDATE_PRODUCT = YES;
			};
			name = Release;
		};
		DE58FED82D04284E008CADCD /* Debug */ = {
			isa = XCBuildConfiguration;
			baseConfigurationReference = FFE7CB138D1109187A996503 /* Pods-GraceLog.debug.xcconfig */;
			buildSettings = {
				ASSETCATALOG_COMPILER_APPICON_NAME = AppIcon;
				ASSETCATALOG_COMPILER_GLOBAL_ACCENT_COLOR_NAME = AccentColor;
				CODE_SIGN_STYLE = Automatic;
				CURRENT_PROJECT_VERSION = 1;
				DEVELOPMENT_TEAM = BFTA9SX898;
				ENABLE_USER_SCRIPT_SANDBOXING = NO;
				GENERATE_INFOPLIST_FILE = YES;
				INFOPLIST_FILE = GraceLog/Resource/Info.plist;
				INFOPLIST_KEY_UIApplicationSupportsIndirectInputEvents = YES;
				INFOPLIST_KEY_UILaunchStoryboardName = LaunchScreen;
				INFOPLIST_KEY_UISupportedInterfaceOrientations = UIInterfaceOrientationPortrait;
				LD_RUNPATH_SEARCH_PATHS = (
					"$(inherited)",
					"@executable_path/Frameworks",
				);
				MARKETING_VERSION = 1.0;
				PRODUCT_BUNDLE_IDENTIFIER = com.sangjun.GraceLog;
				PRODUCT_NAME = "$(TARGET_NAME)";
				SWIFT_EMIT_LOC_STRINGS = YES;
				SWIFT_VERSION = 5.0;
				TARGETED_DEVICE_FAMILY = "1,2";
			};
			name = Debug;
		};
		DE58FED92D04284E008CADCD /* Release */ = {
			isa = XCBuildConfiguration;
			baseConfigurationReference = 3772E15DC148101F5890C6F5 /* Pods-GraceLog.release.xcconfig */;
			buildSettings = {
				ASSETCATALOG_COMPILER_APPICON_NAME = AppIcon;
				ASSETCATALOG_COMPILER_GLOBAL_ACCENT_COLOR_NAME = AccentColor;
				CODE_SIGN_STYLE = Automatic;
				CURRENT_PROJECT_VERSION = 1;
				DEVELOPMENT_TEAM = BFTA9SX898;
				ENABLE_USER_SCRIPT_SANDBOXING = NO;
				GENERATE_INFOPLIST_FILE = YES;
				INFOPLIST_FILE = GraceLog/Resource/Info.plist;
				INFOPLIST_KEY_UIApplicationSupportsIndirectInputEvents = YES;
				INFOPLIST_KEY_UILaunchStoryboardName = LaunchScreen;
				INFOPLIST_KEY_UISupportedInterfaceOrientations = UIInterfaceOrientationPortrait;
				LD_RUNPATH_SEARCH_PATHS = (
					"$(inherited)",
					"@executable_path/Frameworks",
				);
				MARKETING_VERSION = 1.0;
				PRODUCT_BUNDLE_IDENTIFIER = com.sangjun.GraceLog;
				PRODUCT_NAME = "$(TARGET_NAME)";
				SWIFT_EMIT_LOC_STRINGS = YES;
				SWIFT_VERSION = 5.0;
				TARGETED_DEVICE_FAMILY = "1,2";
			};
			name = Release;
		};
		DE58FEDE2D04284E008CADCD /* Debug */ = {
			isa = XCBuildConfiguration;
			baseConfigurationReference = E2561CE1730A7CC76CC990A3 /* Pods-GraceLog-GraceLogUITests.debug.xcconfig */;
			buildSettings = {
				ALWAYS_EMBED_SWIFT_STANDARD_LIBRARIES = YES;
				CODE_SIGN_STYLE = Automatic;
				CURRENT_PROJECT_VERSION = 1;
				DEVELOPMENT_TEAM = BFTA9SX898;
				ENABLE_USER_SCRIPT_SANDBOXING = NO;
				GENERATE_INFOPLIST_FILE = YES;
				MARKETING_VERSION = 1.0;
				PRODUCT_BUNDLE_IDENTIFIER = com.sangjun.GraceLogUITests;
				PRODUCT_NAME = "$(TARGET_NAME)";
				SWIFT_EMIT_LOC_STRINGS = NO;
				SWIFT_VERSION = 5.0;
				TARGETED_DEVICE_FAMILY = "1,2";
				TEST_TARGET_NAME = GraceLog;
			};
			name = Debug;
		};
		DE58FEDF2D04284E008CADCD /* Release */ = {
			isa = XCBuildConfiguration;
			baseConfigurationReference = BD3D4E76539765E1009F5819 /* Pods-GraceLog-GraceLogUITests.release.xcconfig */;
			buildSettings = {
				ALWAYS_EMBED_SWIFT_STANDARD_LIBRARIES = YES;
				CODE_SIGN_STYLE = Automatic;
				CURRENT_PROJECT_VERSION = 1;
				DEVELOPMENT_TEAM = BFTA9SX898;
				ENABLE_USER_SCRIPT_SANDBOXING = NO;
				GENERATE_INFOPLIST_FILE = YES;
				MARKETING_VERSION = 1.0;
				PRODUCT_BUNDLE_IDENTIFIER = com.sangjun.GraceLogUITests;
				PRODUCT_NAME = "$(TARGET_NAME)";
				SWIFT_EMIT_LOC_STRINGS = NO;
				SWIFT_VERSION = 5.0;
				TARGETED_DEVICE_FAMILY = "1,2";
				TEST_TARGET_NAME = GraceLog;
			};
			name = Release;
		};
/* End XCBuildConfiguration section */

/* Begin XCConfigurationList section */
		DE24DB692D26D32200581621 /* Build configuration list for PBXNativeTarget "GraceLogUseCaseTests" */ = {
			isa = XCConfigurationList;
			buildConfigurations = (
				DE24DB6A2D26D32200581621 /* Debug */,
				DE24DB6B2D26D32200581621 /* Release */,
			);
			defaultConfigurationIsVisible = 0;
			defaultConfigurationName = Release;
		};
		DE58FEA82D04284D008CADCD /* Build configuration list for PBXProject "GraceLog" */ = {
			isa = XCConfigurationList;
			buildConfigurations = (
				DE58FED52D04284E008CADCD /* Debug */,
				DE58FED62D04284E008CADCD /* Release */,
			);
			defaultConfigurationIsVisible = 0;
			defaultConfigurationName = Release;
		};
		DE58FED72D04284E008CADCD /* Build configuration list for PBXNativeTarget "GraceLog" */ = {
			isa = XCConfigurationList;
			buildConfigurations = (
				DE58FED82D04284E008CADCD /* Debug */,
				DE58FED92D04284E008CADCD /* Release */,
			);
			defaultConfigurationIsVisible = 0;
			defaultConfigurationName = Release;
		};
		DE58FEDD2D04284E008CADCD /* Build configuration list for PBXNativeTarget "GraceLogUITests" */ = {
			isa = XCConfigurationList;
			buildConfigurations = (
				DE58FEDE2D04284E008CADCD /* Debug */,
				DE58FEDF2D04284E008CADCD /* Release */,
			);
			defaultConfigurationIsVisible = 0;
			defaultConfigurationName = Release;
		};
/* End XCConfigurationList section */
	};
	rootObject = DE58FEA52D04284D008CADCD /* Project object */;
}
