// !$*UTF8*$!
{
	archiveVersion = 1;
	classes = {
	};
	objectVersion = 56;
	objects = {

/* Begin PBXBuildFile section */
		DE58FEB12D04284D008CADCD /* AppDelegate.swift in Sources */ = {isa = PBXBuildFile; fileRef = DE58FEB02D04284D008CADCD /* AppDelegate.swift */; };
		DE58FEB32D04284D008CADCD /* SceneDelegate.swift in Sources */ = {isa = PBXBuildFile; fileRef = DE58FEB22D04284D008CADCD /* SceneDelegate.swift */; };
		DE58FEB52D04284D008CADCD /* ViewController.swift in Sources */ = {isa = PBXBuildFile; fileRef = DE58FEB42D04284D008CADCD /* ViewController.swift */; };
		DE58FEBA2D04284D008CADCD /* Assets.xcassets in Resources */ = {isa = PBXBuildFile; fileRef = DE58FEB92D04284D008CADCD /* Assets.xcassets */; };
		DE58FEBD2D04284D008CADCD /* Base in Resources */ = {isa = PBXBuildFile; fileRef = DE58FEBC2D04284D008CADCD /* Base */; };
		DE58FEC82D04284E008CADCD /* GraceLogTests.swift in Sources */ = {isa = PBXBuildFile; fileRef = DE58FEC72D04284E008CADCD /* GraceLogTests.swift */; };
		DE58FED22D04284E008CADCD /* GraceLogUITests.swift in Sources */ = {isa = PBXBuildFile; fileRef = DE58FED12D04284E008CADCD /* GraceLogUITests.swift */; };
		DE58FED42D04284E008CADCD /* GraceLogUITestsLaunchTests.swift in Sources */ = {isa = PBXBuildFile; fileRef = DE58FED32D04284E008CADCD /* GraceLogUITestsLaunchTests.swift */; };
/* End PBXBuildFile section */

/* Begin PBXContainerItemProxy section */
		DE58FEC42D04284E008CADCD /* PBXContainerItemProxy */ = {
			isa = PBXContainerItemProxy;
			containerPortal = DE58FEA52D04284D008CADCD /* Project object */;
			proxyType = 1;
			remoteGlobalIDString = DE58FEAC2D04284D008CADCD;
			remoteInfo = GraceLog;
		};
		DE58FECE2D04284E008CADCD /* PBXContainerItemProxy */ = {
			isa = PBXContainerItemProxy;
			containerPortal = DE58FEA52D04284D008CADCD /* Project object */;
			proxyType = 1;
			remoteGlobalIDString = DE58FEAC2D04284D008CADCD;
			remoteInfo = GraceLog;
		};
/* End PBXContainerItemProxy section */

/* Begin PBXFileReference section */
		DE58FEAD2D04284D008CADCD /* GraceLog.app */ = {isa = PBXFileReference; explicitFileType = wrapper.application; includeInIndex = 0; path = GraceLog.app; sourceTree = BUILT_PRODUCTS_DIR; };
		DE58FEB02D04284D008CADCD /* AppDelegate.swift */ = {isa = PBXFileReference; lastKnownFileType = sourcecode.swift; path = AppDelegate.swift; sourceTree = "<group>"; };
		DE58FEB22D04284D008CADCD /* SceneDelegate.swift */ = {isa = PBXFileReference; lastKnownFileType = sourcecode.swift; path = SceneDelegate.swift; sourceTree = "<group>"; };
		DE58FEB42D04284D008CADCD /* ViewController.swift */ = {isa = PBXFileReference; lastKnownFileType = sourcecode.swift; path = ViewController.swift; sourceTree = "<group>"; };
		DE58FEB92D04284D008CADCD /* Assets.xcassets */ = {isa = PBXFileReference; lastKnownFileType = folder.assetcatalog; path = Assets.xcassets; sourceTree = "<group>"; };
		DE58FEBC2D04284D008CADCD /* Base */ = {isa = PBXFileReference; lastKnownFileType = file.storyboard; name = Base; path = Base.lproj/LaunchScreen.storyboard; sourceTree = "<group>"; };
		DE58FEBE2D04284D008CADCD /* Info.plist */ = {isa = PBXFileReference; lastKnownFileType = text.plist.xml; path = Info.plist; sourceTree = "<group>"; };
		DE58FEC32D04284E008CADCD /* GraceLogTests.xctest */ = {isa = PBXFileReference; explicitFileType = wrapper.cfbundle; includeInIndex = 0; path = GraceLogTests.xctest; sourceTree = BUILT_PRODUCTS_DIR; };
		DE58FEC72D04284E008CADCD /* GraceLogTests.swift */ = {isa = PBXFileReference; lastKnownFileType = sourcecode.swift; path = GraceLogTests.swift; sourceTree = "<group>"; };
		DE58FECD2D04284E008CADCD /* GraceLogUITests.xctest */ = {isa = PBXFileReference; explicitFileType = wrapper.cfbundle; includeInIndex = 0; path = GraceLogUITests.xctest; sourceTree = BUILT_PRODUCTS_DIR; };
		DE58FED12D04284E008CADCD /* GraceLogUITests.swift */ = {isa = PBXFileReference; lastKnownFileType = sourcecode.swift; path = GraceLogUITests.swift; sourceTree = "<group>"; };
		DE58FED32D04284E008CADCD /* GraceLogUITestsLaunchTests.swift */ = {isa = PBXFileReference; lastKnownFileType = sourcecode.swift; path = GraceLogUITestsLaunchTests.swift; sourceTree = "<group>"; };
/* End PBXFileReference section */

/* Begin PBXFrameworksBuildPhase section */
		DE58FEAA2D04284D008CADCD /* Frameworks */ = {
			isa = PBXFrameworksBuildPhase;
			buildActionMask = 2147483647;
			files = (
			);
			runOnlyForDeploymentPostprocessing = 0;
		};
		DE58FEC02D04284E008CADCD /* Frameworks */ = {
			isa = PBXFrameworksBuildPhase;
			buildActionMask = 2147483647;
			files = (
			);
			runOnlyForDeploymentPostprocessing = 0;
		};
		DE58FECA2D04284E008CADCD /* Frameworks */ = {
			isa = PBXFrameworksBuildPhase;
			buildActionMask = 2147483647;
			files = (
			);
			runOnlyForDeploymentPostprocessing = 0;
		};
/* End PBXFrameworksBuildPhase section */

/* Begin PBXGroup section */
		DE58FEA42D04284D008CADCD = {
			isa = PBXGroup;
			children = (
				DE58FEAF2D04284D008CADCD /* GraceLog */,
				DE58FEC62D04284E008CADCD /* GraceLogTests */,
				DE58FED02D04284E008CADCD /* GraceLogUITests */,
				DE58FEAE2D04284D008CADCD /* Products */,
			);
			sourceTree = "<group>";
		};
		DE58FEAE2D04284D008CADCD /* Products */ = {
			isa = PBXGroup;
			children = (
				DE58FEAD2D04284D008CADCD /* GraceLog.app */,
				DE58FEC32D04284E008CADCD /* GraceLogTests.xctest */,
				DE58FECD2D04284E008CADCD /* GraceLogUITests.xctest */,
			);
			name = Products;
			sourceTree = "<group>";
		};
		DE58FEAF2D04284D008CADCD /* GraceLog */ = {
			isa = PBXGroup;
			children = (
				DE58FEB02D04284D008CADCD /* AppDelegate.swift */,
				DE58FEB22D04284D008CADCD /* SceneDelegate.swift */,
				DE58FEB42D04284D008CADCD /* ViewController.swift */,
				DE58FEB92D04284D008CADCD /* Assets.xcassets */,
				DE58FEBB2D04284D008CADCD /* LaunchScreen.storyboard */,
				DE58FEBE2D04284D008CADCD /* Info.plist */,
			);
			path = GraceLog;
			sourceTree = "<group>";
		};
		DE58FEC62D04284E008CADCD /* GraceLogTests */ = {
			isa = PBXGroup;
			children = (
				DE58FEC72D04284E008CADCD /* GraceLogTests.swift */,
			);
			path = GraceLogTests;
			sourceTree = "<group>";
		};
		DE58FED02D04284E008CADCD /* GraceLogUITests */ = {
			isa = PBXGroup;
			children = (
				DE58FED12D04284E008CADCD /* GraceLogUITests.swift */,
				DE58FED32D04284E008CADCD /* GraceLogUITestsLaunchTests.swift */,
			);
			path = GraceLogUITests;
			sourceTree = "<group>";
		};
/* End PBXGroup section */

/* Begin PBXNativeTarget section */
		DE58FEAC2D04284D008CADCD /* GraceLog */ = {
			isa = PBXNativeTarget;
			buildConfigurationList = DE58FED72D04284E008CADCD /* Build configuration list for PBXNativeTarget "GraceLog" */;
			buildPhases = (
				DE58FEA92D04284D008CADCD /* Sources */,
				DE58FEAA2D04284D008CADCD /* Frameworks */,
				DE58FEAB2D04284D008CADCD /* Resources */,
			);
			buildRules = (
			);
			dependencies = (
			);
			name = GraceLog;
			productName = GraceLog;
			productReference = DE58FEAD2D04284D008CADCD /* GraceLog.app */;
			productType = "com.apple.product-type.application";
		};
		DE58FEC22D04284E008CADCD /* GraceLogTests */ = {
			isa = PBXNativeTarget;
			buildConfigurationList = DE58FEDA2D04284E008CADCD /* Build configuration list for PBXNativeTarget "GraceLogTests" */;
			buildPhases = (
				DE58FEBF2D04284E008CADCD /* Sources */,
				DE58FEC02D04284E008CADCD /* Frameworks */,
				DE58FEC12D04284E008CADCD /* Resources */,
			);
			buildRules = (
			);
			dependencies = (
				DE58FEC52D04284E008CADCD /* PBXTargetDependency */,
			);
			name = GraceLogTests;
			productName = GraceLogTests;
			productReference = DE58FEC32D04284E008CADCD /* GraceLogTests.xctest */;
			productType = "com.apple.product-type.bundle.unit-test";
		};
		DE58FECC2D04284E008CADCD /* GraceLogUITests */ = {
			isa = PBXNativeTarget;
			buildConfigurationList = DE58FEDD2D04284E008CADCD /* Build configuration list for PBXNativeTarget "GraceLogUITests" */;
			buildPhases = (
				DE58FEC92D04284E008CADCD /* Sources */,
				DE58FECA2D04284E008CADCD /* Frameworks */,
				DE58FECB2D04284E008CADCD /* Resources */,
			);
			buildRules = (
			);
			dependencies = (
				DE58FECF2D04284E008CADCD /* PBXTargetDependency */,
			);
			name = GraceLogUITests;
			productName = GraceLogUITests;
			productReference = DE58FECD2D04284E008CADCD /* GraceLogUITests.xctest */;
			productType = "com.apple.product-type.bundle.ui-testing";
		};
/* End PBXNativeTarget section */

/* Begin PBXProject section */
		DE58FEA52D04284D008CADCD /* Project object */ = {
			isa = PBXProject;
			attributes = {
				BuildIndependentTargetsInParallel = 1;
				LastSwiftUpdateCheck = 1540;
				LastUpgradeCheck = 1540;
				TargetAttributes = {
					DE58FEAC2D04284D008CADCD = {
						CreatedOnToolsVersion = 15.4;
					};
					DE58FEC22D04284E008CADCD = {
						CreatedOnToolsVersion = 15.4;
						TestTargetID = DE58FEAC2D04284D008CADCD;
					};
					DE58FECC2D04284E008CADCD = {
						CreatedOnToolsVersion = 15.4;
						TestTargetID = DE58FEAC2D04284D008CADCD;
					};
				};
			};
			buildConfigurationList = DE58FEA82D04284D008CADCD /* Build configuration list for PBXProject "GraceLog" */;
			compatibilityVersion = "Xcode 14.0";
			developmentRegion = en;
			hasScannedForEncodings = 0;
			knownRegions = (
				en,
				Base,
			);
			mainGroup = DE58FEA42D04284D008CADCD;
			productRefGroup = DE58FEAE2D04284D008CADCD /* Products */;
			projectDirPath = "";
			projectRoot = "";
			targets = (
				DE58FEAC2D04284D008CADCD /* GraceLog */,
				DE58FEC22D04284E008CADCD /* GraceLogTests */,
				DE58FECC2D04284E008CADCD /* GraceLogUITests */,
			);
		};
/* End PBXProject section */

/* Begin PBXResourcesBuildPhase section */
		DE58FEAB2D04284D008CADCD /* Resources */ = {
			isa = PBXResourcesBuildPhase;
			buildActionMask = 2147483647;
			files = (
				DE58FEBA2D04284D008CADCD /* Assets.xcassets in Resources */,
				DE58FEBD2D04284D008CADCD /* Base in Resources */,
			);
			runOnlyForDeploymentPostprocessing = 0;
		};
		DE58FEC12D04284E008CADCD /* Resources */ = {
			isa = PBXResourcesBuildPhase;
			buildActionMask = 2147483647;
			files = (
			);
			runOnlyForDeploymentPostprocessing = 0;
		};
		DE58FECB2D04284E008CADCD /* Resources */ = {
			isa = PBXResourcesBuildPhase;
			buildActionMask = 2147483647;
			files = (
			);
			runOnlyForDeploymentPostprocessing = 0;
		};
/* End PBXResourcesBuildPhase section */

/* Begin PBXSourcesBuildPhase section */
		DE58FEA92D04284D008CADCD /* Sources */ = {
			isa = PBXSourcesBuildPhase;
			buildActionMask = 2147483647;
			files = (
				DE58FEB52D04284D008CADCD /* ViewController.swift in Sources */,
				DE58FEB12D04284D008CADCD /* AppDelegate.swift in Sources */,
				DE58FEB32D04284D008CADCD /* SceneDelegate.swift in Sources */,
			);
			runOnlyForDeploymentPostprocessing = 0;
		};
		DE58FEBF2D04284E008CADCD /* Sources */ = {
			isa = PBXSourcesBuildPhase;
			buildActionMask = 2147483647;
			files = (
				DE58FEC82D04284E008CADCD /* GraceLogTests.swift in Sources */,
			);
			runOnlyForDeploymentPostprocessing = 0;
		};
		DE58FEC92D04284E008CADCD /* Sources */ = {
			isa = PBXSourcesBuildPhase;
			buildActionMask = 2147483647;
			files = (
				DE58FED42D04284E008CADCD /* GraceLogUITestsLaunchTests.swift in Sources */,
				DE58FED22D04284E008CADCD /* GraceLogUITests.swift in Sources */,
			);
			runOnlyForDeploymentPostprocessing = 0;
		};
/* End PBXSourcesBuildPhase section */

/* Begin PBXTargetDependency section */
		DE58FEC52D04284E008CADCD /* PBXTargetDependency */ = {
			isa = PBXTargetDependency;
			target = DE58FEAC2D04284D008CADCD /* GraceLog */;
			targetProxy = DE58FEC42D04284E008CADCD /* PBXContainerItemProxy */;
		};
		DE58FECF2D04284E008CADCD /* PBXTargetDependency */ = {
			isa = PBXTargetDependency;
			target = DE58FEAC2D04284D008CADCD /* GraceLog */;
			targetProxy = DE58FECE2D04284E008CADCD /* PBXContainerItemProxy */;
		};
/* End PBXTargetDependency section */

/* Begin PBXVariantGroup section */
		DE58FEBB2D04284D008CADCD /* LaunchScreen.storyboard */ = {
			isa = PBXVariantGroup;
			children = (
				DE58FEBC2D04284D008CADCD /* Base */,
			);
			name = LaunchScreen.storyboard;
			sourceTree = "<group>";
		};
/* End PBXVariantGroup section */

/* Begin XCBuildConfiguration section */
		DE58FED52D04284E008CADCD /* Debug */ = {
			isa = XCBuildConfiguration;
			buildSettings = {
				ALWAYS_SEARCH_USER_PATHS = NO;
				ASSETCATALOG_COMPILER_GENERATE_SWIFT_ASSET_SYMBOL_EXTENSIONS = YES;
				CLANG_ANALYZER_NONNULL = YES;
				CLANG_ANALYZER_NUMBER_OBJECT_CONVERSION = YES_AGGRESSIVE;
				CLANG_CXX_LANGUAGE_STANDARD = "gnu++20";
				CLANG_ENABLE_MODULES = YES;
				CLANG_ENABLE_OBJC_ARC = YES;
				CLANG_ENABLE_OBJC_WEAK = YES;
				CLANG_WARN_BLOCK_CAPTURE_AUTORELEASING = YES;
				CLANG_WARN_BOOL_CONVERSION = YES;
				CLANG_WARN_COMMA = YES;
				CLANG_WARN_CONSTANT_CONVERSION = YES;
				CLANG_WARN_DEPRECATED_OBJC_IMPLEMENTATIONS = YES;
				CLANG_WARN_DIRECT_OBJC_ISA_USAGE = YES_ERROR;
				CLANG_WARN_DOCUMENTATION_COMMENTS = YES;
				CLANG_WARN_EMPTY_BODY = YES;
				CLANG_WARN_ENUM_CONVERSION = YES;
				CLANG_WARN_INFINITE_RECURSION = YES;
				CLANG_WARN_INT_CONVERSION = YES;
				CLANG_WARN_NON_LITERAL_NULL_CONVERSION = YES;
				CLANG_WARN_OBJC_IMPLICIT_RETAIN_SELF = YES;
				CLANG_WARN_OBJC_LITERAL_CONVERSION = YES;
				CLANG_WARN_OBJC_ROOT_CLASS = YES_ERROR;
				CLANG_WARN_QUOTED_INCLUDE_IN_FRAMEWORK_HEADER = YES;
				CLANG_WARN_RANGE_LOOP_ANALYSIS = YES;
				CLANG_WARN_STRICT_PROTOTYPES = YES;
				CLANG_WARN_SUSPICIOUS_MOVE = YES;
				CLANG_WARN_UNGUARDED_AVAILABILITY = YES_AGGRESSIVE;
				CLANG_WARN_UNREACHABLE_CODE = YES;
				CLANG_WARN__DUPLICATE_METHOD_MATCH = YES;
				COPY_PHASE_STRIP = NO;
				DEBUG_INFORMATION_FORMAT = dwarf;
				ENABLE_STRICT_OBJC_MSGSEND = YES;
				ENABLE_TESTABILITY = YES;
				ENABLE_USER_SCRIPT_SANDBOXING = YES;
				GCC_C_LANGUAGE_STANDARD = gnu17;
				GCC_DYNAMIC_NO_PIC = NO;
				GCC_NO_COMMON_BLOCKS = YES;
				GCC_OPTIMIZATION_LEVEL = 0;
				GCC_PREPROCESSOR_DEFINITIONS = (
					"DEBUG=1",
					"$(inherited)",
				);
				GCC_WARN_64_TO_32_BIT_CONVERSION = YES;
				GCC_WARN_ABOUT_RETURN_TYPE = YES_ERROR;
				GCC_WARN_UNDECLARED_SELECTOR = YES;
				GCC_WARN_UNINITIALIZED_AUTOS = YES_AGGRESSIVE;
				GCC_WARN_UNUSED_FUNCTION = YES;
				GCC_WARN_UNUSED_VARIABLE = YES;
				IPHONEOS_DEPLOYMENT_TARGET = 17.5;
				LOCALIZATION_PREFERS_STRING_CATALOGS = YES;
				MTL_ENABLE_DEBUG_INFO = INCLUDE_SOURCE;
				MTL_FAST_MATH = YES;
				ONLY_ACTIVE_ARCH = YES;
				SDKROOT = iphoneos;
				SWIFT_ACTIVE_COMPILATION_CONDITIONS = "DEBUG $(inherited)";
				SWIFT_OPTIMIZATION_LEVEL = "-Onone";
			};
			name = Debug;
		};
		DE58FED62D04284E008CADCD /* Release */ = {
			isa = XCBuildConfiguration;
			buildSettings = {
				ALWAYS_SEARCH_USER_PATHS = NO;
				ASSETCATALOG_COMPILER_GENERATE_SWIFT_ASSET_SYMBOL_EXTENSIONS = YES;
				CLANG_ANALYZER_NONNULL = YES;
				CLANG_ANALYZER_NUMBER_OBJECT_CONVERSION = YES_AGGRESSIVE;
				CLANG_CXX_LANGUAGE_STANDARD = "gnu++20";
				CLANG_ENABLE_MODULES = YES;
				CLANG_ENABLE_OBJC_ARC = YES;
				CLANG_ENABLE_OBJC_WEAK = YES;
				CLANG_WARN_BLOCK_CAPTURE_AUTORELEASING = YES;
				CLANG_WARN_BOOL_CONVERSION = YES;
				CLANG_WARN_COMMA = YES;
				CLANG_WARN_CONSTANT_CONVERSION = YES;
				CLANG_WARN_DEPRECATED_OBJC_IMPLEMENTATIONS = YES;
				CLANG_WARN_DIRECT_OBJC_ISA_USAGE = YES_ERROR;
				CLANG_WARN_DOCUMENTATION_COMMENTS = YES;
				CLANG_WARN_EMPTY_BODY = YES;
				CLANG_WARN_ENUM_CONVERSION = YES;
				CLANG_WARN_INFINITE_RECURSION = YES;
				CLANG_WARN_INT_CONVERSION = YES;
				CLANG_WARN_NON_LITERAL_NULL_CONVERSION = YES;
				CLANG_WARN_OBJC_IMPLICIT_RETAIN_SELF = YES;
				CLANG_WARN_OBJC_LITERAL_CONVERSION = YES;
				CLANG_WARN_OBJC_ROOT_CLASS = YES_ERROR;
				CLANG_WARN_QUOTED_INCLUDE_IN_FRAMEWORK_HEADER = YES;
				CLANG_WARN_RANGE_LOOP_ANALYSIS = YES;
				CLANG_WARN_STRICT_PROTOTYPES = YES;
				CLANG_WARN_SUSPICIOUS_MOVE = YES;
				CLANG_WARN_UNGUARDED_AVAILABILITY = YES_AGGRESSIVE;
				CLANG_WARN_UNREACHABLE_CODE = YES;
				CLANG_WARN__DUPLICATE_METHOD_MATCH = YES;
				COPY_PHASE_STRIP = NO;
				DEBUG_INFORMATION_FORMAT = "dwarf-with-dsym";
				ENABLE_NS_ASSERTIONS = NO;
				ENABLE_STRICT_OBJC_MSGSEND = YES;
				ENABLE_USER_SCRIPT_SANDBOXING = YES;
				GCC_C_LANGUAGE_STANDARD = gnu17;
				GCC_NO_COMMON_BLOCKS = YES;
				GCC_WARN_64_TO_32_BIT_CONVERSION = YES;
				GCC_WARN_ABOUT_RETURN_TYPE = YES_ERROR;
				GCC_WARN_UNDECLARED_SELECTOR = YES;
				GCC_WARN_UNINITIALIZED_AUTOS = YES_AGGRESSIVE;
				GCC_WARN_UNUSED_FUNCTION = YES;
				GCC_WARN_UNUSED_VARIABLE = YES;
				IPHONEOS_DEPLOYMENT_TARGET = 17.5;
				LOCALIZATION_PREFERS_STRING_CATALOGS = YES;
				MTL_ENABLE_DEBUG_INFO = NO;
				MTL_FAST_MATH = YES;
				SDKROOT = iphoneos;
				SWIFT_COMPILATION_MODE = wholemodule;
				VALIDATE_PRODUCT = YES;
			};
			name = Release;
		};
		DE58FED82D04284E008CADCD /* Debug */ = {
			isa = XCBuildConfiguration;
			buildSettings = {
				ASSETCATALOG_COMPILER_APPICON_NAME = AppIcon;
				ASSETCATALOG_COMPILER_GLOBAL_ACCENT_COLOR_NAME = AccentColor;
				CODE_SIGN_STYLE = Automatic;
				CURRENT_PROJECT_VERSION = 1;
				DEVELOPMENT_TEAM = BFTA9SX898;
				GENERATE_INFOPLIST_FILE = YES;
				INFOPLIST_FILE = GraceLog/Info.plist;
				INFOPLIST_KEY_UIApplicationSupportsIndirectInputEvents = YES;
				INFOPLIST_KEY_UILaunchStoryboardName = LaunchScreen;
				INFOPLIST_KEY_UIMainStoryboardFile = Main;
				INFOPLIST_KEY_UISupportedInterfaceOrientations_iPad = "UIInterfaceOrientationPortrait UIInterfaceOrientationPortraitUpsideDown UIInterfaceOrientationLandscapeLeft UIInterfaceOrientationLandscapeRight";
				INFOPLIST_KEY_UISupportedInterfaceOrientations_iPhone = "UIInterfaceOrientationPortrait UIInterfaceOrientationLandscapeLeft UIInterfaceOrientationLandscapeRight";
				LD_RUNPATH_SEARCH_PATHS = (
					"$(inherited)",
					"@executable_path/Frameworks",
				);
				MARKETING_VERSION = 1.0;
				PRODUCT_BUNDLE_IDENTIFIER = com.sangjun.GraceLog;
				PRODUCT_NAME = "$(TARGET_NAME)";
				SWIFT_EMIT_LOC_STRINGS = YES;
				SWIFT_VERSION = 5.0;
				TARGETED_DEVICE_FAMILY = "1,2";
			};
			name = Debug;
		};
		DE58FED92D04284E008CADCD /* Release */ = {
			isa = XCBuildConfiguration;
			buildSettings = {
				ASSETCATALOG_COMPILER_APPICON_NAME = AppIcon;
				ASSETCATALOG_COMPILER_GLOBAL_ACCENT_COLOR_NAME = AccentColor;
				CODE_SIGN_STYLE = Automatic;
				CURRENT_PROJECT_VERSION = 1;
				DEVELOPMENT_TEAM = BFTA9SX898;
				GENERATE_INFOPLIST_FILE = YES;
				INFOPLIST_FILE = GraceLog/Info.plist;
				INFOPLIST_KEY_UIApplicationSupportsIndirectInputEvents = YES;
				INFOPLIST_KEY_UILaunchStoryboardName = LaunchScreen;
				INFOPLIST_KEY_UIMainStoryboardFile = Main;
				INFOPLIST_KEY_UISupportedInterfaceOrientations_iPad = "UIInterfaceOrientationPortrait UIInterfaceOrientationPortraitUpsideDown UIInterfaceOrientationLandscapeLeft UIInterfaceOrientationLandscapeRight";
				INFOPLIST_KEY_UISupportedInterfaceOrientations_iPhone = "UIInterfaceOrientationPortrait UIInterfaceOrientationLandscapeLeft UIInterfaceOrientationLandscapeRight";
				LD_RUNPATH_SEARCH_PATHS = (
					"$(inherited)",
					"@executable_path/Frameworks",
				);
				MARKETING_VERSION = 1.0;
				PRODUCT_BUNDLE_IDENTIFIER = com.sangjun.GraceLog;
				PRODUCT_NAME = "$(TARGET_NAME)";
				SWIFT_EMIT_LOC_STRINGS = YES;
				SWIFT_VERSION = 5.0;
				TARGETED_DEVICE_FAMILY = "1,2";
			};
			name = Release;
		};
		DE58FEDB2D04284E008CADCD /* Debug */ = {
			isa = XCBuildConfiguration;
			buildSettings = {
				ALWAYS_EMBED_SWIFT_STANDARD_LIBRARIES = YES;
				BUNDLE_LOADER = "$(TEST_HOST)";
				CODE_SIGN_STYLE = Automatic;
				CURRENT_PROJECT_VERSION = 1;
				DEVELOPMENT_TEAM = BFTA9SX898;
				GENERATE_INFOPLIST_FILE = YES;
				IPHONEOS_DEPLOYMENT_TARGET = 17.5;
				MARKETING_VERSION = 1.0;
				PRODUCT_BUNDLE_IDENTIFIER = com.sangjun.GraceLogTests;
				PRODUCT_NAME = "$(TARGET_NAME)";
				SWIFT_EMIT_LOC_STRINGS = NO;
				SWIFT_VERSION = 5.0;
				TARGETED_DEVICE_FAMILY = "1,2";
				TEST_HOST = "$(BUILT_PRODUCTS_DIR)/GraceLog.app/$(BUNDLE_EXECUTABLE_FOLDER_PATH)/GraceLog";
			};
			name = Debug;
		};
		DE58FEDC2D04284E008CADCD /* Release */ = {
			isa = XCBuildConfiguration;
			buildSettings = {
				ALWAYS_EMBED_SWIFT_STANDARD_LIBRARIES = YES;
				BUNDLE_LOADER = "$(TEST_HOST)";
				CODE_SIGN_STYLE = Automatic;
				CURRENT_PROJECT_VERSION = 1;
				DEVELOPMENT_TEAM = BFTA9SX898;
				GENERATE_INFOPLIST_FILE = YES;
				IPHONEOS_DEPLOYMENT_TARGET = 17.5;
				MARKETING_VERSION = 1.0;
				PRODUCT_BUNDLE_IDENTIFIER = com.sangjun.GraceLogTests;
				PRODUCT_NAME = "$(TARGET_NAME)";
				SWIFT_EMIT_LOC_STRINGS = NO;
				SWIFT_VERSION = 5.0;
				TARGETED_DEVICE_FAMILY = "1,2";
				TEST_HOST = "$(BUILT_PRODUCTS_DIR)/GraceLog.app/$(BUNDLE_EXECUTABLE_FOLDER_PATH)/GraceLog";
			};
			name = Release;
		};
		DE58FEDE2D04284E008CADCD /* Debug */ = {
			isa = XCBuildConfiguration;
			buildSettings = {
				ALWAYS_EMBED_SWIFT_STANDARD_LIBRARIES = YES;
				CODE_SIGN_STYLE = Automatic;
				CURRENT_PROJECT_VERSION = 1;
				DEVELOPMENT_TEAM = BFTA9SX898;
				GENERATE_INFOPLIST_FILE = YES;
				MARKETING_VERSION = 1.0;
				PRODUCT_BUNDLE_IDENTIFIER = com.sangjun.GraceLogUITests;
				PRODUCT_NAME = "$(TARGET_NAME)";
				SWIFT_EMIT_LOC_STRINGS = NO;
				SWIFT_VERSION = 5.0;
				TARGETED_DEVICE_FAMILY = "1,2";
				TEST_TARGET_NAME = GraceLog;
			};
			name = Debug;
		};
		DE58FEDF2D04284E008CADCD /* Release */ = {
			isa = XCBuildConfiguration;
			buildSettings = {
				ALWAYS_EMBED_SWIFT_STANDARD_LIBRARIES = YES;
				CODE_SIGN_STYLE = Automatic;
				CURRENT_PROJECT_VERSION = 1;
				DEVELOPMENT_TEAM = BFTA9SX898;
				GENERATE_INFOPLIST_FILE = YES;
				MARKETING_VERSION = 1.0;
				PRODUCT_BUNDLE_IDENTIFIER = com.sangjun.GraceLogUITests;
				PRODUCT_NAME = "$(TARGET_NAME)";
				SWIFT_EMIT_LOC_STRINGS = NO;
				SWIFT_VERSION = 5.0;
				TARGETED_DEVICE_FAMILY = "1,2";
				TEST_TARGET_NAME = GraceLog;
			};
			name = Release;
		};
/* End XCBuildConfiguration section */

/* Begin XCConfigurationList section */
		DE58FEA82D04284D008CADCD /* Build configuration list for PBXProject "GraceLog" */ = {
			isa = XCConfigurationList;
			buildConfigurations = (
				DE58FED52D04284E008CADCD /* Debug */,
				DE58FED62D04284E008CADCD /* Release */,
			);
			defaultConfigurationIsVisible = 0;
			defaultConfigurationName = Release;
		};
		DE58FED72D04284E008CADCD /* Build configuration list for PBXNativeTarget "GraceLog" */ = {
			isa = XCConfigurationList;
			buildConfigurations = (
				DE58FED82D04284E008CADCD /* Debug */,
				DE58FED92D04284E008CADCD /* Release */,
			);
			defaultConfigurationIsVisible = 0;
			defaultConfigurationName = Release;
		};
		DE58FEDA2D04284E008CADCD /* Build configuration list for PBXNativeTarget "GraceLogTests" */ = {
			isa = XCConfigurationList;
			buildConfigurations = (
				DE58FEDB2D04284E008CADCD /* Debug */,
				DE58FEDC2D04284E008CADCD /* Release */,
			);
			defaultConfigurationIsVisible = 0;
			defaultConfigurationName = Release;
		};
		DE58FEDD2D04284E008CADCD /* Build configuration list for PBXNativeTarget "GraceLogUITests" */ = {
			isa = XCConfigurationList;
			buildConfigurations = (
				DE58FEDE2D04284E008CADCD /* Debug */,
				DE58FEDF2D04284E008CADCD /* Release */,
			);
			defaultConfigurationIsVisible = 0;
			defaultConfigurationName = Release;
		};
/* End XCConfigurationList section */
	};
	rootObject = DE58FEA52D04284D008CADCD /* Project object */;
}
