// !$*UTF8*$!
{
	archiveVersion = 1;
	classes = {
	};
	objectVersion = 56;
	objects = {

/* Begin PBXBuildFile section */
		1FF92BC6706B0E42B006A951 /* Pods_GraceLogTests.framework in Frameworks */ = {isa = PBXBuildFile; fileRef = C2C92987C1F1070895365F17 /* Pods_GraceLogTests.framework */; };
		75248638A478EB9521F76504 /* Pods_GraceLog.framework in Frameworks */ = {isa = PBXBuildFile; fileRef = EC27041694929DC3D121EF0C /* Pods_GraceLog.framework */; };
		A88BF65DF907D86788F86BF8 /* Pods_GraceLog_GraceLogUITests.framework in Frameworks */ = {isa = PBXBuildFile; fileRef = 92AAD74E157DB380B9B4192E /* Pods_GraceLog_GraceLogUITests.framework */; };
		DE3BFCD62D048B170076426D /* GraceLogAppCoordinator.swift in Sources */ = {isa = PBXBuildFile; fileRef = DE3BFCD52D048B170076426D /* GraceLogAppCoordinator.swift */; };
		DE3BFCD82D048B550076426D /* Coordinator.swift in Sources */ = {isa = PBXBuildFile; fileRef = DE3BFCD72D048B550076426D /* Coordinator.swift */; };
		DE3BFCDA2D059A3B0076426D /* HomeViewController.swift in Sources */ = {isa = PBXBuildFile; fileRef = DE3BFCD92D059A3B0076426D /* HomeViewController.swift */; };
		DE3BFCDC2D059A480076426D /* MyInfoViewController.swift in Sources */ = {isa = PBXBuildFile; fileRef = DE3BFCDB2D059A480076426D /* MyInfoViewController.swift */; };
		DE3BFCDE2D059D3D0076426D /* BibleViewController.swift in Sources */ = {isa = PBXBuildFile; fileRef = DE3BFCDD2D059D3D0076426D /* BibleViewController.swift */; };
		DE3BFCE12D059DDC0076426D /* HomeCoordinator.swift in Sources */ = {isa = PBXBuildFile; fileRef = DE3BFCE02D059DDC0076426D /* HomeCoordinator.swift */; };
		DE3BFCE42D059E970076426D /* BibleCoordinator.swift in Sources */ = {isa = PBXBuildFile; fileRef = DE3BFCE32D059E970076426D /* BibleCoordinator.swift */; };
		DE3BFCE72D05A2820076426D /* MyInfoCoordinator.swift in Sources */ = {isa = PBXBuildFile; fileRef = DE3BFCE62D05A2820076426D /* MyInfoCoordinator.swift */; };
		DE58FEB12D04284D008CADCD /* AppDelegate.swift in Sources */ = {isa = PBXBuildFile; fileRef = DE58FEB02D04284D008CADCD /* AppDelegate.swift */; };
		DE58FEB32D04284D008CADCD /* SceneDelegate.swift in Sources */ = {isa = PBXBuildFile; fileRef = DE58FEB22D04284D008CADCD /* SceneDelegate.swift */; };
		DE58FEBD2D04284D008CADCD /* Base in Resources */ = {isa = PBXBuildFile; fileRef = DE58FEBC2D04284D008CADCD /* Base */; };
		DE58FEC82D04284E008CADCD /* GraceLogTests.swift in Sources */ = {isa = PBXBuildFile; fileRef = DE58FEC72D04284E008CADCD /* GraceLogTests.swift */; };
		DE58FED22D04284E008CADCD /* GraceLogUITests.swift in Sources */ = {isa = PBXBuildFile; fileRef = DE58FED12D04284E008CADCD /* GraceLogUITests.swift */; };
		DE58FED42D04284E008CADCD /* GraceLogUITestsLaunchTests.swift in Sources */ = {isa = PBXBuildFile; fileRef = DE58FED32D04284E008CADCD /* GraceLogUITestsLaunchTests.swift */; };
/* End PBXBuildFile section */

/* Begin PBXContainerItemProxy section */
		DE58FEC42D04284E008CADCD /* PBXContainerItemProxy */ = {
			isa = PBXContainerItemProxy;
			containerPortal = DE58FEA52D04284D008CADCD /* Project object */;
			proxyType = 1;
			remoteGlobalIDString = DE58FEAC2D04284D008CADCD;
			remoteInfo = GraceLog;
		};
		DE58FECE2D04284E008CADCD /* PBXContainerItemProxy */ = {
			isa = PBXContainerItemProxy;
			containerPortal = DE58FEA52D04284D008CADCD /* Project object */;
			proxyType = 1;
			remoteGlobalIDString = DE58FEAC2D04284D008CADCD;
			remoteInfo = GraceLog;
		};
/* End PBXContainerItemProxy section */

/* Begin PBXFileReference section */
		3772E15DC148101F5890C6F5 /* Pods-GraceLog.release.xcconfig */ = {isa = PBXFileReference; includeInIndex = 1; lastKnownFileType = text.xcconfig; name = "Pods-GraceLog.release.xcconfig"; path = "Target Support Files/Pods-GraceLog/Pods-GraceLog.release.xcconfig"; sourceTree = "<group>"; };
		45FB5606D88433D808BF0656 /* Pods-GraceLogTests.debug.xcconfig */ = {isa = PBXFileReference; includeInIndex = 1; lastKnownFileType = text.xcconfig; name = "Pods-GraceLogTests.debug.xcconfig"; path = "Target Support Files/Pods-GraceLogTests/Pods-GraceLogTests.debug.xcconfig"; sourceTree = "<group>"; };
		87E14D79ABA16C7A19244077 /* Pods-GraceLogTests.release.xcconfig */ = {isa = PBXFileReference; includeInIndex = 1; lastKnownFileType = text.xcconfig; name = "Pods-GraceLogTests.release.xcconfig"; path = "Target Support Files/Pods-GraceLogTests/Pods-GraceLogTests.release.xcconfig"; sourceTree = "<group>"; };
		92AAD74E157DB380B9B4192E /* Pods_GraceLog_GraceLogUITests.framework */ = {isa = PBXFileReference; explicitFileType = wrapper.framework; includeInIndex = 0; path = Pods_GraceLog_GraceLogUITests.framework; sourceTree = BUILT_PRODUCTS_DIR; };
		BD3D4E76539765E1009F5819 /* Pods-GraceLog-GraceLogUITests.release.xcconfig */ = {isa = PBXFileReference; includeInIndex = 1; lastKnownFileType = text.xcconfig; name = "Pods-GraceLog-GraceLogUITests.release.xcconfig"; path = "Target Support Files/Pods-GraceLog-GraceLogUITests/Pods-GraceLog-GraceLogUITests.release.xcconfig"; sourceTree = "<group>"; };
		C2C92987C1F1070895365F17 /* Pods_GraceLogTests.framework */ = {isa = PBXFileReference; explicitFileType = wrapper.framework; includeInIndex = 0; path = Pods_GraceLogTests.framework; sourceTree = BUILT_PRODUCTS_DIR; };
		DE3BFCBB2D043C2F0076426D /* Assets.xcassets */ = {isa = PBXFileReference; lastKnownFileType = folder.assetcatalog; path = Assets.xcassets; sourceTree = "<group>"; };
		DE3BFCD52D048B170076426D /* GraceLogAppCoordinator.swift */ = {isa = PBXFileReference; lastKnownFileType = sourcecode.swift; path = GraceLogAppCoordinator.swift; sourceTree = "<group>"; };
		DE3BFCD72D048B550076426D /* Coordinator.swift */ = {isa = PBXFileReference; lastKnownFileType = sourcecode.swift; path = Coordinator.swift; sourceTree = "<group>"; };
		DE3BFCD92D059A3B0076426D /* HomeViewController.swift */ = {isa = PBXFileReference; lastKnownFileType = sourcecode.swift; path = HomeViewController.swift; sourceTree = "<group>"; };
		DE3BFCDB2D059A480076426D /* MyInfoViewController.swift */ = {isa = PBXFileReference; lastKnownFileType = sourcecode.swift; path = MyInfoViewController.swift; sourceTree = "<group>"; };
		DE3BFCDD2D059D3D0076426D /* BibleViewController.swift */ = {isa = PBXFileReference; lastKnownFileType = sourcecode.swift; path = BibleViewController.swift; sourceTree = "<group>"; };
		DE3BFCE02D059DDC0076426D /* HomeCoordinator.swift */ = {isa = PBXFileReference; lastKnownFileType = sourcecode.swift; path = HomeCoordinator.swift; sourceTree = "<group>"; };
		DE3BFCE32D059E970076426D /* BibleCoordinator.swift */ = {isa = PBXFileReference; lastKnownFileType = sourcecode.swift; path = BibleCoordinator.swift; sourceTree = "<group>"; };
		DE3BFCE62D05A2820076426D /* MyInfoCoordinator.swift */ = {isa = PBXFileReference; lastKnownFileType = sourcecode.swift; path = MyInfoCoordinator.swift; sourceTree = "<group>"; };
		DE58FEAD2D04284D008CADCD /* GraceLog.app */ = {isa = PBXFileReference; explicitFileType = wrapper.application; includeInIndex = 0; path = GraceLog.app; sourceTree = BUILT_PRODUCTS_DIR; };
		DE58FEB02D04284D008CADCD /* AppDelegate.swift */ = {isa = PBXFileReference; lastKnownFileType = sourcecode.swift; path = AppDelegate.swift; sourceTree = "<group>"; };
		DE58FEB22D04284D008CADCD /* SceneDelegate.swift */ = {isa = PBXFileReference; lastKnownFileType = sourcecode.swift; path = SceneDelegate.swift; sourceTree = "<group>"; };
		DE58FEBC2D04284D008CADCD /* Base */ = {isa = PBXFileReference; lastKnownFileType = file.storyboard; name = Base; path = Base.lproj/LaunchScreen.storyboard; sourceTree = "<group>"; };
		DE58FEBE2D04284D008CADCD /* Info.plist */ = {isa = PBXFileReference; lastKnownFileType = text.plist.xml; path = Info.plist; sourceTree = "<group>"; };
		DE58FEC32D04284E008CADCD /* GraceLogTests.xctest */ = {isa = PBXFileReference; explicitFileType = wrapper.cfbundle; includeInIndex = 0; path = GraceLogTests.xctest; sourceTree = BUILT_PRODUCTS_DIR; };
		DE58FEC72D04284E008CADCD /* GraceLogTests.swift */ = {isa = PBXFileReference; lastKnownFileType = sourcecode.swift; path = GraceLogTests.swift; sourceTree = "<group>"; };
		DE58FECD2D04284E008CADCD /* GraceLogUITests.xctest */ = {isa = PBXFileReference; explicitFileType = wrapper.cfbundle; includeInIndex = 0; path = GraceLogUITests.xctest; sourceTree = BUILT_PRODUCTS_DIR; };
		DE58FED12D04284E008CADCD /* GraceLogUITests.swift */ = {isa = PBXFileReference; lastKnownFileType = sourcecode.swift; path = GraceLogUITests.swift; sourceTree = "<group>"; };
		DE58FED32D04284E008CADCD /* GraceLogUITestsLaunchTests.swift */ = {isa = PBXFileReference; lastKnownFileType = sourcecode.swift; path = GraceLogUITestsLaunchTests.swift; sourceTree = "<group>"; };
		E2561CE1730A7CC76CC990A3 /* Pods-GraceLog-GraceLogUITests.debug.xcconfig */ = {isa = PBXFileReference; includeInIndex = 1; lastKnownFileType = text.xcconfig; name = "Pods-GraceLog-GraceLogUITests.debug.xcconfig"; path = "Target Support Files/Pods-GraceLog-GraceLogUITests/Pods-GraceLog-GraceLogUITests.debug.xcconfig"; sourceTree = "<group>"; };
		EC27041694929DC3D121EF0C /* Pods_GraceLog.framework */ = {isa = PBXFileReference; explicitFileType = wrapper.framework; includeInIndex = 0; path = Pods_GraceLog.framework; sourceTree = BUILT_PRODUCTS_DIR; };
		FFE7CB138D1109187A996503 /* Pods-GraceLog.debug.xcconfig */ = {isa = PBXFileReference; includeInIndex = 1; lastKnownFileType = text.xcconfig; name = "Pods-GraceLog.debug.xcconfig"; path = "Target Support Files/Pods-GraceLog/Pods-GraceLog.debug.xcconfig"; sourceTree = "<group>"; };
/* End PBXFileReference section */

/* Begin PBXFrameworksBuildPhase section */
		DE58FEAA2D04284D008CADCD /* Frameworks */ = {
			isa = PBXFrameworksBuildPhase;
			buildActionMask = 2147483647;
			files = (
				75248638A478EB9521F76504 /* Pods_GraceLog.framework in Frameworks */,
			);
			runOnlyForDeploymentPostprocessing = 0;
		};
		DE58FEC02D04284E008CADCD /* Frameworks */ = {
			isa = PBXFrameworksBuildPhase;
			buildActionMask = 2147483647;
			files = (
				1FF92BC6706B0E42B006A951 /* Pods_GraceLogTests.framework in Frameworks */,
			);
			runOnlyForDeploymentPostprocessing = 0;
		};
		DE58FECA2D04284E008CADCD /* Frameworks */ = {
			isa = PBXFrameworksBuildPhase;
			buildActionMask = 2147483647;
			files = (
				A88BF65DF907D86788F86BF8 /* Pods_GraceLog_GraceLogUITests.framework in Frameworks */,
			);
			runOnlyForDeploymentPostprocessing = 0;
		};
/* End PBXFrameworksBuildPhase section */

/* Begin PBXGroup section */
		2EA2272B8D90352B60124564 /* Pods */ = {
			isa = PBXGroup;
			children = (
				FFE7CB138D1109187A996503 /* Pods-GraceLog.debug.xcconfig */,
				3772E15DC148101F5890C6F5 /* Pods-GraceLog.release.xcconfig */,
				E2561CE1730A7CC76CC990A3 /* Pods-GraceLog-GraceLogUITests.debug.xcconfig */,
				BD3D4E76539765E1009F5819 /* Pods-GraceLog-GraceLogUITests.release.xcconfig */,
				45FB5606D88433D808BF0656 /* Pods-GraceLogTests.debug.xcconfig */,
				87E14D79ABA16C7A19244077 /* Pods-GraceLogTests.release.xcconfig */,
			);
			path = Pods;
			sourceTree = "<group>";
		};
		5220B6260B4015DECE44E88F /* Frameworks */ = {
			isa = PBXGroup;
			children = (
				EC27041694929DC3D121EF0C /* Pods_GraceLog.framework */,
				92AAD74E157DB380B9B4192E /* Pods_GraceLog_GraceLogUITests.framework */,
				C2C92987C1F1070895365F17 /* Pods_GraceLogTests.framework */,
			);
			name = Frameworks;
			sourceTree = "<group>";
		};
		DE3BFCBA2D043BF40076426D /* Resource */ = {
			isa = PBXGroup;
			children = (
				DE3BFCBD2D043C6E0076426D /* Assets */,
				DE58FEBE2D04284D008CADCD /* Info.plist */,
			);
			path = Resource;
			sourceTree = "<group>";
		};
		DE3BFCBC2D043C4A0076426D /* Source */ = {
			isa = PBXGroup;
			children = (
				DE3BFCBE2D043C920076426D /* Application */,
				DE3BFCC22D043D200076426D /* Util */,
				DE3BFCC12D043D0C0076426D /* Data */,
				DE3BFCBF2D043CF70076426D /* Domain */,
				DE3BFCC02D043D020076426D /* Presentation */,
				DE58FEBB2D04284D008CADCD /* LaunchScreen.storyboard */,
			);
			path = Source;
			sourceTree = "<group>";
		};
		DE3BFCBD2D043C6E0076426D /* Assets */ = {
			isa = PBXGroup;
			children = (
				DE3BFCBB2D043C2F0076426D /* Assets.xcassets */,
			);
			path = Assets;
			sourceTree = "<group>";
		};
		DE3BFCBE2D043C920076426D /* Application */ = {
			isa = PBXGroup;
			children = (
				DE58FEB02D04284D008CADCD /* AppDelegate.swift */,
				DE58FEB22D04284D008CADCD /* SceneDelegate.swift */,
			);
			path = Application;
			sourceTree = "<group>";
		};
		DE3BFCBF2D043CF70076426D /* Domain */ = {
			isa = PBXGroup;
			children = (
			);
			path = Domain;
			sourceTree = "<group>";
		};
		DE3BFCC02D043D020076426D /* Presentation */ = {
			isa = PBXGroup;
			children = (
				DE3BFCC42D043D9E0076426D /* Common */,
				DE3BFCC32D043D8B0076426D /* HomeScene */,
				DE3BFCC62D043DB70076426D /* BibleScene */,
				DE3BFCC52D043DA40076426D /* MyInfoScene */,
			);
			path = Presentation;
			sourceTree = "<group>";
		};
		DE3BFCC12D043D0C0076426D /* Data */ = {
			isa = PBXGroup;
			children = (
			);
			path = Data;
			sourceTree = "<group>";
		};
		DE3BFCC22D043D200076426D /* Util */ = {
			isa = PBXGroup;
			children = (
			);
			path = Util;
			sourceTree = "<group>";
		};
		DE3BFCC32D043D8B0076426D /* HomeScene */ = {
			isa = PBXGroup;
			children = (
				DE3BFCDF2D059DD20076426D /* Coordinator */,
				DE3BFCCB2D0489BD0076426D /* Reactor */,
				DE3BFCCC2D0489C20076426D /* View */,
				DE3BFCCD2D0489C70076426D /* ViewController */,
			);
			path = HomeScene;
			sourceTree = "<group>";
		};
		DE3BFCC42D043D9E0076426D /* Common */ = {
			isa = PBXGroup;
			children = (
				DE3BFCD42D048AE50076426D /* Coordinator */,
				DE3BFCC92D0489A00076426D /* Reactor */,
				DE3BFCC82D0489980076426D /* View */,
				DE3BFCC72D0489850076426D /* ViewController */,
			);
			path = Common;
			sourceTree = "<group>";
		};
		DE3BFCC52D043DA40076426D /* MyInfoScene */ = {
			isa = PBXGroup;
			children = (
				DE3BFCE52D05A1FD0076426D /* Coordinator */,
				DE3BFCD12D0489FB0076426D /* Reactor */,
				DE3BFCD22D048A010076426D /* View */,
				DE3BFCD32D048A080076426D /* ViewController */,
			);
			path = MyInfoScene;
			sourceTree = "<group>";
		};
		DE3BFCC62D043DB70076426D /* BibleScene */ = {
			isa = PBXGroup;
			children = (
				DE3BFCE22D059DEF0076426D /* Coordinator */,
				DE3BFCCE2D0489DA0076426D /* Reactor */,
				DE3BFCCF2D0489E40076426D /* View */,
				DE3BFCD02D0489EE0076426D /* ViewController */,
			);
			path = BibleScene;
			sourceTree = "<group>";
		};
		DE3BFCC72D0489850076426D /* ViewController */ = {
			isa = PBXGroup;
			children = (
			);
			path = ViewController;
			sourceTree = "<group>";
		};
		DE3BFCC82D0489980076426D /* View */ = {
			isa = PBXGroup;
			children = (
			);
			path = View;
			sourceTree = "<group>";
		};
		DE3BFCC92D0489A00076426D /* Reactor */ = {
			isa = PBXGroup;
			children = (
			);
			path = Reactor;
			sourceTree = "<group>";
		};
		DE3BFCCB2D0489BD0076426D /* Reactor */ = {
			isa = PBXGroup;
			children = (
			);
			path = Reactor;
			sourceTree = "<group>";
		};
		DE3BFCCC2D0489C20076426D /* View */ = {
			isa = PBXGroup;
			children = (
			);
			path = View;
			sourceTree = "<group>";
		};
		DE3BFCCD2D0489C70076426D /* ViewController */ = {
			isa = PBXGroup;
			children = (
				DE3BFCD92D059A3B0076426D /* HomeViewController.swift */,
			);
			path = ViewController;
			sourceTree = "<group>";
		};
		DE3BFCCE2D0489DA0076426D /* Reactor */ = {
			isa = PBXGroup;
			children = (
			);
			path = Reactor;
			sourceTree = "<group>";
		};
		DE3BFCCF2D0489E40076426D /* View */ = {
			isa = PBXGroup;
			children = (
			);
			path = View;
			sourceTree = "<group>";
		};
		DE3BFCD02D0489EE0076426D /* ViewController */ = {
			isa = PBXGroup;
			children = (
				DE3BFCDD2D059D3D0076426D /* BibleViewController.swift */,
			);
			path = ViewController;
			sourceTree = "<group>";
		};
		DE3BFCD12D0489FB0076426D /* Reactor */ = {
			isa = PBXGroup;
			children = (
			);
			path = Reactor;
			sourceTree = "<group>";
		};
		DE3BFCD22D048A010076426D /* View */ = {
			isa = PBXGroup;
			children = (
			);
			path = View;
			sourceTree = "<group>";
		};
		DE3BFCD32D048A080076426D /* ViewController */ = {
			isa = PBXGroup;
			children = (
				DE3BFCDB2D059A480076426D /* MyInfoViewController.swift */,
			);
			path = ViewController;
			sourceTree = "<group>";
		};
		DE3BFCD42D048AE50076426D /* Coordinator */ = {
			isa = PBXGroup;
			children = (
				DE3BFCD72D048B550076426D /* Coordinator.swift */,
				DE3BFCD52D048B170076426D /* GraceLogAppCoordinator.swift */,
			);
			path = Coordinator;
			sourceTree = "<group>";
		};
		DE3BFCDF2D059DD20076426D /* Coordinator */ = {
			isa = PBXGroup;
			children = (
				DE3BFCE02D059DDC0076426D /* HomeCoordinator.swift */,
			);
			path = Coordinator;
			sourceTree = "<group>";
		};
		DE3BFCE22D059DEF0076426D /* Coordinator */ = {
			isa = PBXGroup;
			children = (
				DE3BFCE32D059E970076426D /* BibleCoordinator.swift */,
			);
			path = Coordinator;
			sourceTree = "<group>";
		};
		DE3BFCE52D05A1FD0076426D /* Coordinator */ = {
			isa = PBXGroup;
			children = (
				DE3BFCE62D05A2820076426D /* MyInfoCoordinator.swift */,
			);
			path = Coordinator;
			sourceTree = "<group>";
		};
		DE58FEA42D04284D008CADCD = {
			isa = PBXGroup;
			children = (
				DE58FEAF2D04284D008CADCD /* GraceLog */,
				DE58FEC62D04284E008CADCD /* GraceLogTests */,
				DE58FED02D04284E008CADCD /* GraceLogUITests */,
				DE58FEAE2D04284D008CADCD /* Products */,
				2EA2272B8D90352B60124564 /* Pods */,
				5220B6260B4015DECE44E88F /* Frameworks */,
			);
			sourceTree = "<group>";
		};
		DE58FEAE2D04284D008CADCD /* Products */ = {
			isa = PBXGroup;
			children = (
				DE58FEAD2D04284D008CADCD /* GraceLog.app */,
				DE58FEC32D04284E008CADCD /* GraceLogTests.xctest */,
				DE58FECD2D04284E008CADCD /* GraceLogUITests.xctest */,
			);
			name = Products;
			sourceTree = "<group>";
		};
		DE58FEAF2D04284D008CADCD /* GraceLog */ = {
			isa = PBXGroup;
			children = (
				DE3BFCBA2D043BF40076426D /* Resource */,
				DE3BFCBC2D043C4A0076426D /* Source */,
			);
			path = GraceLog;
			sourceTree = "<group>";
		};
		DE58FEC62D04284E008CADCD /* GraceLogTests */ = {
			isa = PBXGroup;
			children = (
				DE58FEC72D04284E008CADCD /* GraceLogTests.swift */,
			);
			path = GraceLogTests;
			sourceTree = "<group>";
		};
		DE58FED02D04284E008CADCD /* GraceLogUITests */ = {
			isa = PBXGroup;
			children = (
				DE58FED12D04284E008CADCD /* GraceLogUITests.swift */,
				DE58FED32D04284E008CADCD /* GraceLogUITestsLaunchTests.swift */,
			);
			path = GraceLogUITests;
			sourceTree = "<group>";
		};
/* End PBXGroup section */

/* Begin PBXNativeTarget section */
		DE58FEAC2D04284D008CADCD /* GraceLog */ = {
			isa = PBXNativeTarget;
			buildConfigurationList = DE58FED72D04284E008CADCD /* Build configuration list for PBXNativeTarget "GraceLog" */;
			buildPhases = (
				583AF8AD94B7807E5B441B5B /* [CP] Check Pods Manifest.lock */,
				DE58FEA92D04284D008CADCD /* Sources */,
				DE58FEAA2D04284D008CADCD /* Frameworks */,
				DE58FEAB2D04284D008CADCD /* Resources */,
				ABED5811BE029F6EC390A7C1 /* [CP] Embed Pods Frameworks */,
			);
			buildRules = (
			);
			dependencies = (
			);
			name = GraceLog;
			productName = GraceLog;
			productReference = DE58FEAD2D04284D008CADCD /* GraceLog.app */;
			productType = "com.apple.product-type.application";
		};
		DE58FEC22D04284E008CADCD /* GraceLogTests */ = {
			isa = PBXNativeTarget;
			buildConfigurationList = DE58FEDA2D04284E008CADCD /* Build configuration list for PBXNativeTarget "GraceLogTests" */;
			buildPhases = (
				8E181F329C3156E9354B8722 /* [CP] Check Pods Manifest.lock */,
				DE58FEBF2D04284E008CADCD /* Sources */,
				DE58FEC02D04284E008CADCD /* Frameworks */,
				DE58FEC12D04284E008CADCD /* Resources */,
			);
			buildRules = (
			);
			dependencies = (
				DE58FEC52D04284E008CADCD /* PBXTargetDependency */,
			);
			name = GraceLogTests;
			productName = GraceLogTests;
			productReference = DE58FEC32D04284E008CADCD /* GraceLogTests.xctest */;
			productType = "com.apple.product-type.bundle.unit-test";
		};
		DE58FECC2D04284E008CADCD /* GraceLogUITests */ = {
			isa = PBXNativeTarget;
			buildConfigurationList = DE58FEDD2D04284E008CADCD /* Build configuration list for PBXNativeTarget "GraceLogUITests" */;
			buildPhases = (
				A6721BFEAB1CDEB55CA9A1D9 /* [CP] Check Pods Manifest.lock */,
				DE58FEC92D04284E008CADCD /* Sources */,
				DE58FECA2D04284E008CADCD /* Frameworks */,
				DE58FECB2D04284E008CADCD /* Resources */,
				701CD70413BD97E3234C9381 /* [CP] Embed Pods Frameworks */,
			);
			buildRules = (
			);
			dependencies = (
				DE58FECF2D04284E008CADCD /* PBXTargetDependency */,
			);
			name = GraceLogUITests;
			productName = GraceLogUITests;
			productReference = DE58FECD2D04284E008CADCD /* GraceLogUITests.xctest */;
			productType = "com.apple.product-type.bundle.ui-testing";
		};
/* End PBXNativeTarget section */

/* Begin PBXProject section */
		DE58FEA52D04284D008CADCD /* Project object */ = {
			isa = PBXProject;
			attributes = {
				BuildIndependentTargetsInParallel = 1;
				LastSwiftUpdateCheck = 1540;
				LastUpgradeCheck = 1540;
				TargetAttributes = {
					DE58FEAC2D04284D008CADCD = {
						CreatedOnToolsVersion = 15.4;
					};
					DE58FEC22D04284E008CADCD = {
						CreatedOnToolsVersion = 15.4;
						TestTargetID = DE58FEAC2D04284D008CADCD;
					};
					DE58FECC2D04284E008CADCD = {
						CreatedOnToolsVersion = 15.4;
						TestTargetID = DE58FEAC2D04284D008CADCD;
					};
				};
			};
			buildConfigurationList = DE58FEA82D04284D008CADCD /* Build configuration list for PBXProject "GraceLog" */;
			compatibilityVersion = "Xcode 14.0";
			developmentRegion = en;
			hasScannedForEncodings = 0;
			knownRegions = (
				en,
				Base,
			);
			mainGroup = DE58FEA42D04284D008CADCD;
			productRefGroup = DE58FEAE2D04284D008CADCD /* Products */;
			projectDirPath = "";
			projectRoot = "";
			targets = (
				DE58FEAC2D04284D008CADCD /* GraceLog */,
				DE58FEC22D04284E008CADCD /* GraceLogTests */,
				DE58FECC2D04284E008CADCD /* GraceLogUITests */,
			);
		};
/* End PBXProject section */

/* Begin PBXResourcesBuildPhase section */
		DE58FEAB2D04284D008CADCD /* Resources */ = {
			isa = PBXResourcesBuildPhase;
			buildActionMask = 2147483647;
			files = (
				DE58FEBD2D04284D008CADCD /* Base in Resources */,
			);
			runOnlyForDeploymentPostprocessing = 0;
		};
		DE58FEC12D04284E008CADCD /* Resources */ = {
			isa = PBXResourcesBuildPhase;
			buildActionMask = 2147483647;
			files = (
			);
			runOnlyForDeploymentPostprocessing = 0;
		};
		DE58FECB2D04284E008CADCD /* Resources */ = {
			isa = PBXResourcesBuildPhase;
			buildActionMask = 2147483647;
			files = (
			);
			runOnlyForDeploymentPostprocessing = 0;
		};
/* End PBXResourcesBuildPhase section */

/* Begin PBXShellScriptBuildPhase section */
		583AF8AD94B7807E5B441B5B /* [CP] Check Pods Manifest.lock */ = {
			isa = PBXShellScriptBuildPhase;
			buildActionMask = 2147483647;
			files = (
			);
			inputFileListPaths = (
			);
			inputPaths = (
				"${PODS_PODFILE_DIR_PATH}/Podfile.lock",
				"${PODS_ROOT}/Manifest.lock",
			);
			name = "[CP] Check Pods Manifest.lock";
			outputFileListPaths = (
			);
			outputPaths = (
				"$(DERIVED_FILE_DIR)/Pods-GraceLog-checkManifestLockResult.txt",
			);
			runOnlyForDeploymentPostprocessing = 0;
			shellPath = /bin/sh;
			shellScript = "diff \"${PODS_PODFILE_DIR_PATH}/Podfile.lock\" \"${PODS_ROOT}/Manifest.lock\" > /dev/null\nif [ $? != 0 ] ; then\n    # print error to STDERR\n    echo \"error: The sandbox is not in sync with the Podfile.lock. Run 'pod install' or update your CocoaPods installation.\" >&2\n    exit 1\nfi\n# This output is used by Xcode 'outputs' to avoid re-running this script phase.\necho \"SUCCESS\" > \"${SCRIPT_OUTPUT_FILE_0}\"\n";
			showEnvVarsInLog = 0;
		};
		701CD70413BD97E3234C9381 /* [CP] Embed Pods Frameworks */ = {
			isa = PBXShellScriptBuildPhase;
			buildActionMask = 2147483647;
			files = (
			);
			inputFileListPaths = (
				"${PODS_ROOT}/Target Support Files/Pods-GraceLog-GraceLogUITests/Pods-GraceLog-GraceLogUITests-frameworks-${CONFIGURATION}-input-files.xcfilelist",
			);
			name = "[CP] Embed Pods Frameworks";
			outputFileListPaths = (
				"${PODS_ROOT}/Target Support Files/Pods-GraceLog-GraceLogUITests/Pods-GraceLog-GraceLogUITests-frameworks-${CONFIGURATION}-output-files.xcfilelist",
			);
			runOnlyForDeploymentPostprocessing = 0;
			shellPath = /bin/sh;
			shellScript = "\"${PODS_ROOT}/Target Support Files/Pods-GraceLog-GraceLogUITests/Pods-GraceLog-GraceLogUITests-frameworks.sh\"\n";
			showEnvVarsInLog = 0;
		};
		8E181F329C3156E9354B8722 /* [CP] Check Pods Manifest.lock */ = {
			isa = PBXShellScriptBuildPhase;
			buildActionMask = 2147483647;
			files = (
			);
			inputFileListPaths = (
			);
			inputPaths = (
				"${PODS_PODFILE_DIR_PATH}/Podfile.lock",
				"${PODS_ROOT}/Manifest.lock",
			);
			name = "[CP] Check Pods Manifest.lock";
			outputFileListPaths = (
			);
			outputPaths = (
				"$(DERIVED_FILE_DIR)/Pods-GraceLogTests-checkManifestLockResult.txt",
			);
			runOnlyForDeploymentPostprocessing = 0;
			shellPath = /bin/sh;
			shellScript = "diff \"${PODS_PODFILE_DIR_PATH}/Podfile.lock\" \"${PODS_ROOT}/Manifest.lock\" > /dev/null\nif [ $? != 0 ] ; then\n    # print error to STDERR\n    echo \"error: The sandbox is not in sync with the Podfile.lock. Run 'pod install' or update your CocoaPods installation.\" >&2\n    exit 1\nfi\n# This output is used by Xcode 'outputs' to avoid re-running this script phase.\necho \"SUCCESS\" > \"${SCRIPT_OUTPUT_FILE_0}\"\n";
			showEnvVarsInLog = 0;
		};
		A6721BFEAB1CDEB55CA9A1D9 /* [CP] Check Pods Manifest.lock */ = {
			isa = PBXShellScriptBuildPhase;
			buildActionMask = 2147483647;
			files = (
			);
			inputFileListPaths = (
			);
			inputPaths = (
				"${PODS_PODFILE_DIR_PATH}/Podfile.lock",
				"${PODS_ROOT}/Manifest.lock",
			);
			name = "[CP] Check Pods Manifest.lock";
			outputFileListPaths = (
			);
			outputPaths = (
				"$(DERIVED_FILE_DIR)/Pods-GraceLog-GraceLogUITests-checkManifestLockResult.txt",
			);
			runOnlyForDeploymentPostprocessing = 0;
			shellPath = /bin/sh;
			shellScript = "diff \"${PODS_PODFILE_DIR_PATH}/Podfile.lock\" \"${PODS_ROOT}/Manifest.lock\" > /dev/null\nif [ $? != 0 ] ; then\n    # print error to STDERR\n    echo \"error: The sandbox is not in sync with the Podfile.lock. Run 'pod install' or update your CocoaPods installation.\" >&2\n    exit 1\nfi\n# This output is used by Xcode 'outputs' to avoid re-running this script phase.\necho \"SUCCESS\" > \"${SCRIPT_OUTPUT_FILE_0}\"\n";
			showEnvVarsInLog = 0;
		};
		ABED5811BE029F6EC390A7C1 /* [CP] Embed Pods Frameworks */ = {
			isa = PBXShellScriptBuildPhase;
			buildActionMask = 2147483647;
			files = (
			);
			inputFileListPaths = (
				"${PODS_ROOT}/Target Support Files/Pods-GraceLog/Pods-GraceLog-frameworks-${CONFIGURATION}-input-files.xcfilelist",
			);
			name = "[CP] Embed Pods Frameworks";
			outputFileListPaths = (
				"${PODS_ROOT}/Target Support Files/Pods-GraceLog/Pods-GraceLog-frameworks-${CONFIGURATION}-output-files.xcfilelist",
			);
			runOnlyForDeploymentPostprocessing = 0;
			shellPath = /bin/sh;
			shellScript = "\"${PODS_ROOT}/Target Support Files/Pods-GraceLog/Pods-GraceLog-frameworks.sh\"\n";
			showEnvVarsInLog = 0;
		};
/* End PBXShellScriptBuildPhase section */

/* Begin PBXSourcesBuildPhase section */
		DE58FEA92D04284D008CADCD /* Sources */ = {
			isa = PBXSourcesBuildPhase;
			buildActionMask = 2147483647;
			files = (
				DE3BFCD62D048B170076426D /* GraceLogAppCoordinator.swift in Sources */,
				DE3BFCDE2D059D3D0076426D /* BibleViewController.swift in Sources */,
				DE3BFCE12D059DDC0076426D /* HomeCoordinator.swift in Sources */,
				DE58FEB12D04284D008CADCD /* AppDelegate.swift in Sources */,
				DE3BFCD82D048B550076426D /* Coordinator.swift in Sources */,
				DE3BFCE42D059E970076426D /* BibleCoordinator.swift in Sources */,
				DE3BFCDC2D059A480076426D /* MyInfoViewController.swift in Sources */,
				DE58FEB32D04284D008CADCD /* SceneDelegate.swift in Sources */,
				DE3BFCE72D05A2820076426D /* MyInfoCoordinator.swift in Sources */,
				DE3BFCDA2D059A3B0076426D /* HomeViewController.swift in Sources */,
			);
			runOnlyForDeploymentPostprocessing = 0;
		};
		DE58FEBF2D04284E008CADCD /* Sources */ = {
			isa = PBXSourcesBuildPhase;
			buildActionMask = 2147483647;
			files = (
				DE58FEC82D04284E008CADCD /* GraceLogTests.swift in Sources */,
			);
			runOnlyForDeploymentPostprocessing = 0;
		};
		DE58FEC92D04284E008CADCD /* Sources */ = {
			isa = PBXSourcesBuildPhase;
			buildActionMask = 2147483647;
			files = (
				DE58FED42D04284E008CADCD /* GraceLogUITestsLaunchTests.swift in Sources */,
				DE58FED22D04284E008CADCD /* GraceLogUITests.swift in Sources */,
			);
			runOnlyForDeploymentPostprocessing = 0;
		};
/* End PBXSourcesBuildPhase section */

/* Begin PBXTargetDependency section */
		DE58FEC52D04284E008CADCD /* PBXTargetDependency */ = {
			isa = PBXTargetDependency;
			target = DE58FEAC2D04284D008CADCD /* GraceLog */;
			targetProxy = DE58FEC42D04284E008CADCD /* PBXContainerItemProxy */;
		};
		DE58FECF2D04284E008CADCD /* PBXTargetDependency */ = {
			isa = PBXTargetDependency;
			target = DE58FEAC2D04284D008CADCD /* GraceLog */;
			targetProxy = DE58FECE2D04284E008CADCD /* PBXContainerItemProxy */;
		};
/* End PBXTargetDependency section */

/* Begin PBXVariantGroup section */
		DE58FEBB2D04284D008CADCD /* LaunchScreen.storyboard */ = {
			isa = PBXVariantGroup;
			children = (
				DE58FEBC2D04284D008CADCD /* Base */,
			);
			name = LaunchScreen.storyboard;
			sourceTree = "<group>";
		};
/* End PBXVariantGroup section */

/* Begin XCBuildConfiguration section */
		DE58FED52D04284E008CADCD /* Debug */ = {
			isa = XCBuildConfiguration;
			buildSettings = {
				ALWAYS_SEARCH_USER_PATHS = NO;
				ASSETCATALOG_COMPILER_GENERATE_SWIFT_ASSET_SYMBOL_EXTENSIONS = YES;
				CLANG_ANALYZER_NONNULL = YES;
				CLANG_ANALYZER_NUMBER_OBJECT_CONVERSION = YES_AGGRESSIVE;
				CLANG_CXX_LANGUAGE_STANDARD = "gnu++20";
				CLANG_ENABLE_MODULES = YES;
				CLANG_ENABLE_OBJC_ARC = YES;
				CLANG_ENABLE_OBJC_WEAK = YES;
				CLANG_WARN_BLOCK_CAPTURE_AUTORELEASING = YES;
				CLANG_WARN_BOOL_CONVERSION = YES;
				CLANG_WARN_COMMA = YES;
				CLANG_WARN_CONSTANT_CONVERSION = YES;
				CLANG_WARN_DEPRECATED_OBJC_IMPLEMENTATIONS = YES;
				CLANG_WARN_DIRECT_OBJC_ISA_USAGE = YES_ERROR;
				CLANG_WARN_DOCUMENTATION_COMMENTS = YES;
				CLANG_WARN_EMPTY_BODY = YES;
				CLANG_WARN_ENUM_CONVERSION = YES;
				CLANG_WARN_INFINITE_RECURSION = YES;
				CLANG_WARN_INT_CONVERSION = YES;
				CLANG_WARN_NON_LITERAL_NULL_CONVERSION = YES;
				CLANG_WARN_OBJC_IMPLICIT_RETAIN_SELF = YES;
				CLANG_WARN_OBJC_LITERAL_CONVERSION = YES;
				CLANG_WARN_OBJC_ROOT_CLASS = YES_ERROR;
				CLANG_WARN_QUOTED_INCLUDE_IN_FRAMEWORK_HEADER = YES;
				CLANG_WARN_RANGE_LOOP_ANALYSIS = YES;
				CLANG_WARN_STRICT_PROTOTYPES = YES;
				CLANG_WARN_SUSPICIOUS_MOVE = YES;
				CLANG_WARN_UNGUARDED_AVAILABILITY = YES_AGGRESSIVE;
				CLANG_WARN_UNREACHABLE_CODE = YES;
				CLANG_WARN__DUPLICATE_METHOD_MATCH = YES;
				COPY_PHASE_STRIP = NO;
				DEBUG_INFORMATION_FORMAT = dwarf;
				ENABLE_STRICT_OBJC_MSGSEND = YES;
				ENABLE_TESTABILITY = YES;
				ENABLE_USER_SCRIPT_SANDBOXING = YES;
				GCC_C_LANGUAGE_STANDARD = gnu17;
				GCC_DYNAMIC_NO_PIC = NO;
				GCC_NO_COMMON_BLOCKS = YES;
				GCC_OPTIMIZATION_LEVEL = 0;
				GCC_PREPROCESSOR_DEFINITIONS = (
					"DEBUG=1",
					"$(inherited)",
				);
				GCC_WARN_64_TO_32_BIT_CONVERSION = YES;
				GCC_WARN_ABOUT_RETURN_TYPE = YES_ERROR;
				GCC_WARN_UNDECLARED_SELECTOR = YES;
				GCC_WARN_UNINITIALIZED_AUTOS = YES_AGGRESSIVE;
				GCC_WARN_UNUSED_FUNCTION = YES;
				GCC_WARN_UNUSED_VARIABLE = YES;
				IPHONEOS_DEPLOYMENT_TARGET = 15.0;
				LOCALIZATION_PREFERS_STRING_CATALOGS = YES;
				MTL_ENABLE_DEBUG_INFO = INCLUDE_SOURCE;
				MTL_FAST_MATH = YES;
				ONLY_ACTIVE_ARCH = YES;
				SDKROOT = iphoneos;
				SWIFT_ACTIVE_COMPILATION_CONDITIONS = "DEBUG $(inherited)";
				SWIFT_OPTIMIZATION_LEVEL = "-Onone";
			};
			name = Debug;
		};
		DE58FED62D04284E008CADCD /* Release */ = {
			isa = XCBuildConfiguration;
			buildSettings = {
				ALWAYS_SEARCH_USER_PATHS = NO;
				ASSETCATALOG_COMPILER_GENERATE_SWIFT_ASSET_SYMBOL_EXTENSIONS = YES;
				CLANG_ANALYZER_NONNULL = YES;
				CLANG_ANALYZER_NUMBER_OBJECT_CONVERSION = YES_AGGRESSIVE;
				CLANG_CXX_LANGUAGE_STANDARD = "gnu++20";
				CLANG_ENABLE_MODULES = YES;
				CLANG_ENABLE_OBJC_ARC = YES;
				CLANG_ENABLE_OBJC_WEAK = YES;
				CLANG_WARN_BLOCK_CAPTURE_AUTORELEASING = YES;
				CLANG_WARN_BOOL_CONVERSION = YES;
				CLANG_WARN_COMMA = YES;
				CLANG_WARN_CONSTANT_CONVERSION = YES;
				CLANG_WARN_DEPRECATED_OBJC_IMPLEMENTATIONS = YES;
				CLANG_WARN_DIRECT_OBJC_ISA_USAGE = YES_ERROR;
				CLANG_WARN_DOCUMENTATION_COMMENTS = YES;
				CLANG_WARN_EMPTY_BODY = YES;
				CLANG_WARN_ENUM_CONVERSION = YES;
				CLANG_WARN_INFINITE_RECURSION = YES;
				CLANG_WARN_INT_CONVERSION = YES;
				CLANG_WARN_NON_LITERAL_NULL_CONVERSION = YES;
				CLANG_WARN_OBJC_IMPLICIT_RETAIN_SELF = YES;
				CLANG_WARN_OBJC_LITERAL_CONVERSION = YES;
				CLANG_WARN_OBJC_ROOT_CLASS = YES_ERROR;
				CLANG_WARN_QUOTED_INCLUDE_IN_FRAMEWORK_HEADER = YES;
				CLANG_WARN_RANGE_LOOP_ANALYSIS = YES;
				CLANG_WARN_STRICT_PROTOTYPES = YES;
				CLANG_WARN_SUSPICIOUS_MOVE = YES;
				CLANG_WARN_UNGUARDED_AVAILABILITY = YES_AGGRESSIVE;
				CLANG_WARN_UNREACHABLE_CODE = YES;
				CLANG_WARN__DUPLICATE_METHOD_MATCH = YES;
				COPY_PHASE_STRIP = NO;
				DEBUG_INFORMATION_FORMAT = "dwarf-with-dsym";
				ENABLE_NS_ASSERTIONS = NO;
				ENABLE_STRICT_OBJC_MSGSEND = YES;
				ENABLE_USER_SCRIPT_SANDBOXING = YES;
				GCC_C_LANGUAGE_STANDARD = gnu17;
				GCC_NO_COMMON_BLOCKS = YES;
				GCC_WARN_64_TO_32_BIT_CONVERSION = YES;
				GCC_WARN_ABOUT_RETURN_TYPE = YES_ERROR;
				GCC_WARN_UNDECLARED_SELECTOR = YES;
				GCC_WARN_UNINITIALIZED_AUTOS = YES_AGGRESSIVE;
				GCC_WARN_UNUSED_FUNCTION = YES;
				GCC_WARN_UNUSED_VARIABLE = YES;
				IPHONEOS_DEPLOYMENT_TARGET = 15.0;
				LOCALIZATION_PREFERS_STRING_CATALOGS = YES;
				MTL_ENABLE_DEBUG_INFO = NO;
				MTL_FAST_MATH = YES;
				SDKROOT = iphoneos;
				SWIFT_COMPILATION_MODE = wholemodule;
				VALIDATE_PRODUCT = YES;
			};
			name = Release;
		};
		DE58FED82D04284E008CADCD /* Debug */ = {
			isa = XCBuildConfiguration;
			baseConfigurationReference = FFE7CB138D1109187A996503 /* Pods-GraceLog.debug.xcconfig */;
			buildSettings = {
				ASSETCATALOG_COMPILER_APPICON_NAME = AppIcon;
				ASSETCATALOG_COMPILER_GLOBAL_ACCENT_COLOR_NAME = AccentColor;
				CODE_SIGN_STYLE = Automatic;
				CURRENT_PROJECT_VERSION = 1;
				DEVELOPMENT_TEAM = BFTA9SX898;
				ENABLE_USER_SCRIPT_SANDBOXING = NO;
				GENERATE_INFOPLIST_FILE = YES;
				INFOPLIST_FILE = GraceLog/Resource/Info.plist;
				INFOPLIST_KEY_UIApplicationSupportsIndirectInputEvents = YES;
				INFOPLIST_KEY_UILaunchStoryboardName = LaunchScreen;
				INFOPLIST_KEY_UISupportedInterfaceOrientations = UIInterfaceOrientationPortrait;
				LD_RUNPATH_SEARCH_PATHS = (
					"$(inherited)",
					"@executable_path/Frameworks",
				);
				MARKETING_VERSION = 1.0;
				PRODUCT_BUNDLE_IDENTIFIER = com.sangjun.GraceLog;
				PRODUCT_NAME = "$(TARGET_NAME)";
				SWIFT_EMIT_LOC_STRINGS = YES;
				SWIFT_VERSION = 5.0;
				TARGETED_DEVICE_FAMILY = "1,2";
			};
			name = Debug;
		};
		DE58FED92D04284E008CADCD /* Release */ = {
			isa = XCBuildConfiguration;
			baseConfigurationReference = 3772E15DC148101F5890C6F5 /* Pods-GraceLog.release.xcconfig */;
			buildSettings = {
				ASSETCATALOG_COMPILER_APPICON_NAME = AppIcon;
				ASSETCATALOG_COMPILER_GLOBAL_ACCENT_COLOR_NAME = AccentColor;
				CODE_SIGN_STYLE = Automatic;
				CURRENT_PROJECT_VERSION = 1;
				DEVELOPMENT_TEAM = BFTA9SX898;
				ENABLE_USER_SCRIPT_SANDBOXING = NO;
				GENERATE_INFOPLIST_FILE = YES;
				INFOPLIST_FILE = GraceLog/Resource/Info.plist;
				INFOPLIST_KEY_UIApplicationSupportsIndirectInputEvents = YES;
				INFOPLIST_KEY_UILaunchStoryboardName = LaunchScreen;
				INFOPLIST_KEY_UISupportedInterfaceOrientations = UIInterfaceOrientationPortrait;
				LD_RUNPATH_SEARCH_PATHS = (
					"$(inherited)",
					"@executable_path/Frameworks",
				);
				MARKETING_VERSION = 1.0;
				PRODUCT_BUNDLE_IDENTIFIER = com.sangjun.GraceLog;
				PRODUCT_NAME = "$(TARGET_NAME)";
				SWIFT_EMIT_LOC_STRINGS = YES;
				SWIFT_VERSION = 5.0;
				TARGETED_DEVICE_FAMILY = "1,2";
			};
			name = Release;
		};
		DE58FEDB2D04284E008CADCD /* Debug */ = {
			isa = XCBuildConfiguration;
			baseConfigurationReference = 45FB5606D88433D808BF0656 /* Pods-GraceLogTests.debug.xcconfig */;
			buildSettings = {
				ALWAYS_EMBED_SWIFT_STANDARD_LIBRARIES = YES;
				BUNDLE_LOADER = "$(TEST_HOST)";
				CODE_SIGN_STYLE = Automatic;
				CURRENT_PROJECT_VERSION = 1;
				DEVELOPMENT_TEAM = BFTA9SX898;
				GENERATE_INFOPLIST_FILE = YES;
				IPHONEOS_DEPLOYMENT_TARGET = 17.5;
				MARKETING_VERSION = 1.0;
				PRODUCT_BUNDLE_IDENTIFIER = com.sangjun.GraceLogTests;
				PRODUCT_NAME = "$(TARGET_NAME)";
				SWIFT_EMIT_LOC_STRINGS = NO;
				SWIFT_VERSION = 5.0;
				TARGETED_DEVICE_FAMILY = "1,2";
				TEST_HOST = "$(BUILT_PRODUCTS_DIR)/GraceLog.app/$(BUNDLE_EXECUTABLE_FOLDER_PATH)/GraceLog";
			};
			name = Debug;
		};
		DE58FEDC2D04284E008CADCD /* Release */ = {
			isa = XCBuildConfiguration;
			baseConfigurationReference = 87E14D79ABA16C7A19244077 /* Pods-GraceLogTests.release.xcconfig */;
			buildSettings = {
				ALWAYS_EMBED_SWIFT_STANDARD_LIBRARIES = YES;
				BUNDLE_LOADER = "$(TEST_HOST)";
				CODE_SIGN_STYLE = Automatic;
				CURRENT_PROJECT_VERSION = 1;
				DEVELOPMENT_TEAM = BFTA9SX898;
				GENERATE_INFOPLIST_FILE = YES;
				IPHONEOS_DEPLOYMENT_TARGET = 17.5;
				MARKETING_VERSION = 1.0;
				PRODUCT_BUNDLE_IDENTIFIER = com.sangjun.GraceLogTests;
				PRODUCT_NAME = "$(TARGET_NAME)";
				SWIFT_EMIT_LOC_STRINGS = NO;
				SWIFT_VERSION = 5.0;
				TARGETED_DEVICE_FAMILY = "1,2";
				TEST_HOST = "$(BUILT_PRODUCTS_DIR)/GraceLog.app/$(BUNDLE_EXECUTABLE_FOLDER_PATH)/GraceLog";
			};
			name = Release;
		};
		DE58FEDE2D04284E008CADCD /* Debug */ = {
			isa = XCBuildConfiguration;
			baseConfigurationReference = E2561CE1730A7CC76CC990A3 /* Pods-GraceLog-GraceLogUITests.debug.xcconfig */;
			buildSettings = {
				ALWAYS_EMBED_SWIFT_STANDARD_LIBRARIES = YES;
				CODE_SIGN_STYLE = Automatic;
				CURRENT_PROJECT_VERSION = 1;
				DEVELOPMENT_TEAM = BFTA9SX898;
				GENERATE_INFOPLIST_FILE = YES;
				MARKETING_VERSION = 1.0;
				PRODUCT_BUNDLE_IDENTIFIER = com.sangjun.GraceLogUITests;
				PRODUCT_NAME = "$(TARGET_NAME)";
				SWIFT_EMIT_LOC_STRINGS = NO;
				SWIFT_VERSION = 5.0;
				TARGETED_DEVICE_FAMILY = "1,2";
				TEST_TARGET_NAME = GraceLog;
			};
			name = Debug;
		};
		DE58FEDF2D04284E008CADCD /* Release */ = {
			isa = XCBuildConfiguration;
			baseConfigurationReference = BD3D4E76539765E1009F5819 /* Pods-GraceLog-GraceLogUITests.release.xcconfig */;
			buildSettings = {
				ALWAYS_EMBED_SWIFT_STANDARD_LIBRARIES = YES;
				CODE_SIGN_STYLE = Automatic;
				CURRENT_PROJECT_VERSION = 1;
				DEVELOPMENT_TEAM = BFTA9SX898;
				GENERATE_INFOPLIST_FILE = YES;
				MARKETING_VERSION = 1.0;
				PRODUCT_BUNDLE_IDENTIFIER = com.sangjun.GraceLogUITests;
				PRODUCT_NAME = "$(TARGET_NAME)";
				SWIFT_EMIT_LOC_STRINGS = NO;
				SWIFT_VERSION = 5.0;
				TARGETED_DEVICE_FAMILY = "1,2";
				TEST_TARGET_NAME = GraceLog;
			};
			name = Release;
		};
/* End XCBuildConfiguration section */

/* Begin XCConfigurationList section */
		DE58FEA82D04284D008CADCD /* Build configuration list for PBXProject "GraceLog" */ = {
			isa = XCConfigurationList;
			buildConfigurations = (
				DE58FED52D04284E008CADCD /* Debug */,
				DE58FED62D04284E008CADCD /* Release */,
			);
			defaultConfigurationIsVisible = 0;
			defaultConfigurationName = Release;
		};
		DE58FED72D04284E008CADCD /* Build configuration list for PBXNativeTarget "GraceLog" */ = {
			isa = XCConfigurationList;
			buildConfigurations = (
				DE58FED82D04284E008CADCD /* Debug */,
				DE58FED92D04284E008CADCD /* Release */,
			);
			defaultConfigurationIsVisible = 0;
			defaultConfigurationName = Release;
		};
		DE58FEDA2D04284E008CADCD /* Build configuration list for PBXNativeTarget "GraceLogTests" */ = {
			isa = XCConfigurationList;
			buildConfigurations = (
				DE58FEDB2D04284E008CADCD /* Debug */,
				DE58FEDC2D04284E008CADCD /* Release */,
			);
			defaultConfigurationIsVisible = 0;
			defaultConfigurationName = Release;
		};
		DE58FEDD2D04284E008CADCD /* Build configuration list for PBXNativeTarget "GraceLogUITests" */ = {
			isa = XCConfigurationList;
			buildConfigurations = (
				DE58FEDE2D04284E008CADCD /* Debug */,
				DE58FEDF2D04284E008CADCD /* Release */,
			);
			defaultConfigurationIsVisible = 0;
			defaultConfigurationName = Release;
		};
/* End XCConfigurationList section */
	};
	rootObject = DE58FEA52D04284D008CADCD /* Project object */;
}
